// !$*UTF8*$!
{
	archiveVersion = 1;
	classes = {
	};
	objectVersion = 46;
	objects = {

/* Begin PBXBuildFile section */
		2695BF001CABADA50013E058 /* main.m in Sources */ = {isa = PBXBuildFile; fileRef = 2695BEFF1CABADA50013E058 /* main.m */; };
		2695BF031CABADA50013E058 /* AppDelegate.m in Sources */ = {isa = PBXBuildFile; fileRef = 2695BF021CABADA50013E058 /* AppDelegate.m */; };
		2695BF061CABADA50013E058 /* ViewController.m in Sources */ = {isa = PBXBuildFile; fileRef = 2695BF051CABADA50013E058 /* ViewController.m */; };
		2695BF091CABADA50013E058 /* Main.storyboard in Resources */ = {isa = PBXBuildFile; fileRef = 2695BF071CABADA50013E058 /* Main.storyboard */; };
		2695BF0B1CABADA50013E058 /* Assets.xcassets in Resources */ = {isa = PBXBuildFile; fileRef = 2695BF0A1CABADA50013E058 /* Assets.xcassets */; };
		2695BF0E1CABADA50013E058 /* LaunchScreen.storyboard in Resources */ = {isa = PBXBuildFile; fileRef = 2695BF0C1CABADA50013E058 /* LaunchScreen.storyboard */; };
		2695BF191CABADA50013E058 /* TableViewTestTests.m in Sources */ = {isa = PBXBuildFile; fileRef = 2695BF181CABADA50013E058 /* TableViewTestTests.m */; };
		2695BF241CABADA50013E058 /* TableViewTestUITests.m in Sources */ = {isa = PBXBuildFile; fileRef = 2695BF231CABADA50013E058 /* TableViewTestUITests.m */; };
		2695BFCE1CABAED30013E058 /* image_圣斗士.plist in Resources */ = {isa = PBXBuildFile; fileRef = 2695BF321CABAED30013E058 /* image_圣斗士.plist */; };
		2695BFCF1CABAED30013E058 /* image_海贼.plist in Resources */ = {isa = PBXBuildFile; fileRef = 2695BF331CABAED30013E058 /* image_海贼.plist */; };
		2695BFD01CABAED30013E058 /* image_火影忍者.plist in Resources */ = {isa = PBXBuildFile; fileRef = 2695BF341CABAED30013E058 /* image_火影忍者.plist */; };
		2695BFD11CABAED30013E058 /* image_美女.plist in Resources */ = {isa = PBXBuildFile; fileRef = 2695BF351CABAED30013E058 /* image_美女.plist */; };
		2695BFD21CABAED30013E058 /* 圣斗士01.jpg in Resources */ = {isa = PBXBuildFile; fileRef = 2695BF371CABAED30013E058 /* 圣斗士01.jpg */; };
		2695BFD31CABAED30013E058 /* 圣斗士02.jpg in Resources */ = {isa = PBXBuildFile; fileRef = 2695BF381CABAED30013E058 /* 圣斗士02.jpg */; };
		2695BFD41CABAED30013E058 /* 圣斗士03.jpg in Resources */ = {isa = PBXBuildFile; fileRef = 2695BF391CABAED30013E058 /* 圣斗士03.jpg */; };
		2695BFD51CABAED30013E058 /* 圣斗士04.jpg in Resources */ = {isa = PBXBuildFile; fileRef = 2695BF3A1CABAED30013E058 /* 圣斗士04.jpg */; };
		2695BFD61CABAED30013E058 /* 圣斗士05.jpg in Resources */ = {isa = PBXBuildFile; fileRef = 2695BF3B1CABAED30013E058 /* 圣斗士05.jpg */; };
		2695BFD71CABAED30013E058 /* 圣斗士06.jpg in Resources */ = {isa = PBXBuildFile; fileRef = 2695BF3C1CABAED30013E058 /* 圣斗士06.jpg */; };
		2695BFD81CABAED30013E058 /* 圣斗士07.jpg in Resources */ = {isa = PBXBuildFile; fileRef = 2695BF3D1CABAED30013E058 /* 圣斗士07.jpg */; };
		2695BFD91CABAED30013E058 /* 圣斗士08.jpg in Resources */ = {isa = PBXBuildFile; fileRef = 2695BF3E1CABAED30013E058 /* 圣斗士08.jpg */; };
		2695BFDA1CABAED30013E058 /* 圣斗士09.jpg in Resources */ = {isa = PBXBuildFile; fileRef = 2695BF3F1CABAED30013E058 /* 圣斗士09.jpg */; };
		2695BFDB1CABAED30013E058 /* 圣斗士10.jpg in Resources */ = {isa = PBXBuildFile; fileRef = 2695BF401CABAED30013E058 /* 圣斗士10.jpg */; };
		2695BFDC1CABAED30013E058 /* 圣斗士11.jpg in Resources */ = {isa = PBXBuildFile; fileRef = 2695BF411CABAED30013E058 /* 圣斗士11.jpg */; };
		2695BFDD1CABAED30013E058 /* 圣斗士12.jpg in Resources */ = {isa = PBXBuildFile; fileRef = 2695BF421CABAED30013E058 /* 圣斗士12.jpg */; };
		2695BFDE1CABAED30013E058 /* 圣斗士13.jpg in Resources */ = {isa = PBXBuildFile; fileRef = 2695BF431CABAED30013E058 /* 圣斗士13.jpg */; };
		2695BFDF1CABAED30013E058 /* 圣斗士14.jpg in Resources */ = {isa = PBXBuildFile; fileRef = 2695BF441CABAED30013E058 /* 圣斗士14.jpg */; };
		2695BFE01CABAED30013E058 /* 圣斗士15.jpg in Resources */ = {isa = PBXBuildFile; fileRef = 2695BF451CABAED30013E058 /* 圣斗士15.jpg */; };
		2695BFE11CABAED30013E058 /* 海贼01.jpg in Resources */ = {isa = PBXBuildFile; fileRef = 2695BF471CABAED30013E058 /* 海贼01.jpg */; };
		2695BFE21CABAED30013E058 /* 海贼02.jpg in Resources */ = {isa = PBXBuildFile; fileRef = 2695BF481CABAED30013E058 /* 海贼02.jpg */; };
		2695BFE31CABAED30013E058 /* 海贼03.jpg in Resources */ = {isa = PBXBuildFile; fileRef = 2695BF491CABAED30013E058 /* 海贼03.jpg */; };
		2695BFE41CABAED30013E058 /* 海贼04.jpg in Resources */ = {isa = PBXBuildFile; fileRef = 2695BF4A1CABAED30013E058 /* 海贼04.jpg */; };
		2695BFE51CABAED30013E058 /* 海贼05.jpg in Resources */ = {isa = PBXBuildFile; fileRef = 2695BF4B1CABAED30013E058 /* 海贼05.jpg */; };
		2695BFE61CABAED30013E058 /* 海贼06.jpg in Resources */ = {isa = PBXBuildFile; fileRef = 2695BF4C1CABAED30013E058 /* 海贼06.jpg */; };
		2695BFE71CABAED30013E058 /* 海贼07.jpg in Resources */ = {isa = PBXBuildFile; fileRef = 2695BF4D1CABAED30013E058 /* 海贼07.jpg */; };
		2695BFE81CABAED30013E058 /* 海贼08.jpg in Resources */ = {isa = PBXBuildFile; fileRef = 2695BF4E1CABAED30013E058 /* 海贼08.jpg */; };
		2695BFE91CABAED30013E058 /* 海贼09.jpg in Resources */ = {isa = PBXBuildFile; fileRef = 2695BF4F1CABAED30013E058 /* 海贼09.jpg */; };
		2695BFEA1CABAED30013E058 /* 海贼10.jpg in Resources */ = {isa = PBXBuildFile; fileRef = 2695BF501CABAED30013E058 /* 海贼10.jpg */; };
		2695BFEB1CABAED30013E058 /* 海贼11.jpg in Resources */ = {isa = PBXBuildFile; fileRef = 2695BF511CABAED30013E058 /* 海贼11.jpg */; };
		2695BFEC1CABAED30013E058 /* 海贼12.jpg in Resources */ = {isa = PBXBuildFile; fileRef = 2695BF521CABAED30013E058 /* 海贼12.jpg */; };
		2695BFED1CABAED30013E058 /* 海贼13.jpg in Resources */ = {isa = PBXBuildFile; fileRef = 2695BF531CABAED30013E058 /* 海贼13.jpg */; };
		2695BFEE1CABAED30013E058 /* 海贼14.jpg in Resources */ = {isa = PBXBuildFile; fileRef = 2695BF541CABAED30013E058 /* 海贼14.jpg */; };
		2695BFEF1CABAED30013E058 /* 海贼15.jpg in Resources */ = {isa = PBXBuildFile; fileRef = 2695BF551CABAED30013E058 /* 海贼15.jpg */; };
		2695BFF01CABAED30013E058 /* 海贼16.jpg in Resources */ = {isa = PBXBuildFile; fileRef = 2695BF561CABAED30013E058 /* 海贼16.jpg */; };
		2695BFF11CABAED30013E058 /* 海贼17.jpg in Resources */ = {isa = PBXBuildFile; fileRef = 2695BF571CABAED30013E058 /* 海贼17.jpg */; };
		2695BFF21CABAED30013E058 /* 海贼18.jpg in Resources */ = {isa = PBXBuildFile; fileRef = 2695BF581CABAED30013E058 /* 海贼18.jpg */; };
		2695BFF31CABAED30013E058 /* 海贼19.jpg in Resources */ = {isa = PBXBuildFile; fileRef = 2695BF591CABAED30013E058 /* 海贼19.jpg */; };
		2695BFF41CABAED30013E058 /* 海贼20.jpg in Resources */ = {isa = PBXBuildFile; fileRef = 2695BF5A1CABAED30013E058 /* 海贼20.jpg */; };
		2695BFF51CABAED30013E058 /* 海贼21.jpg in Resources */ = {isa = PBXBuildFile; fileRef = 2695BF5B1CABAED30013E058 /* 海贼21.jpg */; };
		2695BFF61CABAED30013E058 /* 海贼22.jpg in Resources */ = {isa = PBXBuildFile; fileRef = 2695BF5C1CABAED30013E058 /* 海贼22.jpg */; };
		2695BFF71CABAED30013E058 /* 海贼23.jpg in Resources */ = {isa = PBXBuildFile; fileRef = 2695BF5D1CABAED30013E058 /* 海贼23.jpg */; };
		2695BFF81CABAED30013E058 /* 海贼24.jpg in Resources */ = {isa = PBXBuildFile; fileRef = 2695BF5E1CABAED30013E058 /* 海贼24.jpg */; };
		2695BFF91CABAED30013E058 /* 海贼25.jpg in Resources */ = {isa = PBXBuildFile; fileRef = 2695BF5F1CABAED30013E058 /* 海贼25.jpg */; };
		2695BFFA1CABAED30013E058 /* 海贼26.jpg in Resources */ = {isa = PBXBuildFile; fileRef = 2695BF601CABAED30013E058 /* 海贼26.jpg */; };
		2695BFFB1CABAED30013E058 /* 海贼27.jpg in Resources */ = {isa = PBXBuildFile; fileRef = 2695BF611CABAED30013E058 /* 海贼27.jpg */; };
		2695BFFC1CABAED30013E058 /* 海贼28.jpg in Resources */ = {isa = PBXBuildFile; fileRef = 2695BF621CABAED30013E058 /* 海贼28.jpg */; };
		2695BFFD1CABAED30013E058 /* 海贼29.jpg in Resources */ = {isa = PBXBuildFile; fileRef = 2695BF631CABAED30013E058 /* 海贼29.jpg */; };
		2695BFFE1CABAED30013E058 /* 海贼30.jpg in Resources */ = {isa = PBXBuildFile; fileRef = 2695BF641CABAED30013E058 /* 海贼30.jpg */; };
		2695BFFF1CABAED30013E058 /* 海贼31.jpg in Resources */ = {isa = PBXBuildFile; fileRef = 2695BF651CABAED30013E058 /* 海贼31.jpg */; };
		2695C0001CABAED30013E058 /* 海贼32.jpg in Resources */ = {isa = PBXBuildFile; fileRef = 2695BF661CABAED30013E058 /* 海贼32.jpg */; };
		2695C0011CABAED30013E058 /* 海贼33.jpg in Resources */ = {isa = PBXBuildFile; fileRef = 2695BF671CABAED30013E058 /* 海贼33.jpg */; };
		2695C0021CABAED30013E058 /* 海贼34.jpg in Resources */ = {isa = PBXBuildFile; fileRef = 2695BF681CABAED30013E058 /* 海贼34.jpg */; };
		2695C0031CABAED30013E058 /* 海贼35.jpg in Resources */ = {isa = PBXBuildFile; fileRef = 2695BF691CABAED30013E058 /* 海贼35.jpg */; };
		2695C0041CABAED30013E058 /* 海贼36.jpg in Resources */ = {isa = PBXBuildFile; fileRef = 2695BF6A1CABAED30013E058 /* 海贼36.jpg */; };
		2695C0051CABAED30013E058 /* 海贼37.jpg in Resources */ = {isa = PBXBuildFile; fileRef = 2695BF6B1CABAED30013E058 /* 海贼37.jpg */; };
		2695C0061CABAED30013E058 /* 海贼38.jpg in Resources */ = {isa = PBXBuildFile; fileRef = 2695BF6C1CABAED30013E058 /* 海贼38.jpg */; };
		2695C0071CABAED30013E058 /* 海贼39.jpg in Resources */ = {isa = PBXBuildFile; fileRef = 2695BF6D1CABAED30013E058 /* 海贼39.jpg */; };
		2695C0081CABAED30013E058 /* 海贼40.jpg in Resources */ = {isa = PBXBuildFile; fileRef = 2695BF6E1CABAED30013E058 /* 海贼40.jpg */; };
		2695C0091CABAED30013E058 /* 海贼41.jpg in Resources */ = {isa = PBXBuildFile; fileRef = 2695BF6F1CABAED30013E058 /* 海贼41.jpg */; };
		2695C00A1CABAED30013E058 /* 海贼42.jpg in Resources */ = {isa = PBXBuildFile; fileRef = 2695BF701CABAED30013E058 /* 海贼42.jpg */; };
		2695C00B1CABAED30013E058 /* 海贼43.jpg in Resources */ = {isa = PBXBuildFile; fileRef = 2695BF711CABAED30013E058 /* 海贼43.jpg */; };
		2695C00C1CABAED30013E058 /* 海贼44.jpg in Resources */ = {isa = PBXBuildFile; fileRef = 2695BF721CABAED30013E058 /* 海贼44.jpg */; };
		2695C00D1CABAED30013E058 /* 海贼45.jpg in Resources */ = {isa = PBXBuildFile; fileRef = 2695BF731CABAED30013E058 /* 海贼45.jpg */; };
		2695C00E1CABAED30013E058 /* 海贼46.jpg in Resources */ = {isa = PBXBuildFile; fileRef = 2695BF741CABAED30013E058 /* 海贼46.jpg */; };
		2695C00F1CABAED30013E058 /* 海贼47.jpg in Resources */ = {isa = PBXBuildFile; fileRef = 2695BF751CABAED30013E058 /* 海贼47.jpg */; };
		2695C0101CABAED30013E058 /* 海贼48.jpg in Resources */ = {isa = PBXBuildFile; fileRef = 2695BF761CABAED30013E058 /* 海贼48.jpg */; };
		2695C0111CABAED30013E058 /* 海贼49.jpg in Resources */ = {isa = PBXBuildFile; fileRef = 2695BF771CABAED30013E058 /* 海贼49.jpg */; };
		2695C0121CABAED30013E058 /* 海贼50.jpg in Resources */ = {isa = PBXBuildFile; fileRef = 2695BF781CABAED30013E058 /* 海贼50.jpg */; };
		2695C0131CABAED30013E058 /* 海贼51.jpg in Resources */ = {isa = PBXBuildFile; fileRef = 2695BF791CABAED30013E058 /* 海贼51.jpg */; };
		2695C0141CABAED30013E058 /* 海贼52.jpg in Resources */ = {isa = PBXBuildFile; fileRef = 2695BF7A1CABAED30013E058 /* 海贼52.jpg */; };
		2695C0151CABAED30013E058 /* 海贼53.jpg in Resources */ = {isa = PBXBuildFile; fileRef = 2695BF7B1CABAED30013E058 /* 海贼53.jpg */; };
		2695C0161CABAED30013E058 /* 海贼54.jpg in Resources */ = {isa = PBXBuildFile; fileRef = 2695BF7C1CABAED30013E058 /* 海贼54.jpg */; };
		2695C0171CABAED30013E058 /* 火影01.png in Resources */ = {isa = PBXBuildFile; fileRef = 2695BF7E1CABAED30013E058 /* 火影01.png */; };
		2695C0181CABAED30013E058 /* 火影02.png in Resources */ = {isa = PBXBuildFile; fileRef = 2695BF7F1CABAED30013E058 /* 火影02.png */; };
		2695C0191CABAED30013E058 /* 火影03.png in Resources */ = {isa = PBXBuildFile; fileRef = 2695BF801CABAED30013E058 /* 火影03.png */; };
		2695C01A1CABAED30013E058 /* 火影04.png in Resources */ = {isa = PBXBuildFile; fileRef = 2695BF811CABAED30013E058 /* 火影04.png */; };
		2695C01B1CABAED30013E058 /* 火影05.png in Resources */ = {isa = PBXBuildFile; fileRef = 2695BF821CABAED30013E058 /* 火影05.png */; };
		2695C01C1CABAED30013E058 /* 火影06.png in Resources */ = {isa = PBXBuildFile; fileRef = 2695BF831CABAED30013E058 /* 火影06.png */; };
		2695C01D1CABAED30013E058 /* 火影07.png in Resources */ = {isa = PBXBuildFile; fileRef = 2695BF841CABAED30013E058 /* 火影07.png */; };
		2695C01E1CABAED30013E058 /* 火影08.png in Resources */ = {isa = PBXBuildFile; fileRef = 2695BF851CABAED30013E058 /* 火影08.png */; };
		2695C01F1CABAED30013E058 /* 火影09.png in Resources */ = {isa = PBXBuildFile; fileRef = 2695BF861CABAED30013E058 /* 火影09.png */; };
		2695C0201CABAED30013E058 /* 火影10.png in Resources */ = {isa = PBXBuildFile; fileRef = 2695BF871CABAED30013E058 /* 火影10.png */; };
		2695C0211CABAED30013E058 /* 火影11.png in Resources */ = {isa = PBXBuildFile; fileRef = 2695BF881CABAED30013E058 /* 火影11.png */; };
		2695C0221CABAED30013E058 /* 火影12.png in Resources */ = {isa = PBXBuildFile; fileRef = 2695BF891CABAED30013E058 /* 火影12.png */; };
		2695C0231CABAED30013E058 /* 火影13.png in Resources */ = {isa = PBXBuildFile; fileRef = 2695BF8A1CABAED30013E058 /* 火影13.png */; };
		2695C0241CABAED30013E058 /* 火影14.png in Resources */ = {isa = PBXBuildFile; fileRef = 2695BF8B1CABAED30013E058 /* 火影14.png */; };
		2695C0251CABAED30013E058 /* 火影15.png in Resources */ = {isa = PBXBuildFile; fileRef = 2695BF8C1CABAED30013E058 /* 火影15.png */; };
		2695C0261CABAED30013E058 /* 火影16.png in Resources */ = {isa = PBXBuildFile; fileRef = 2695BF8D1CABAED30013E058 /* 火影16.png */; };
		2695C0271CABAED30013E058 /* 火影17.png in Resources */ = {isa = PBXBuildFile; fileRef = 2695BF8E1CABAED30013E058 /* 火影17.png */; };
		2695C0281CABAED30013E058 /* 火影18.png in Resources */ = {isa = PBXBuildFile; fileRef = 2695BF8F1CABAED30013E058 /* 火影18.png */; };
		2695C0291CABAED30013E058 /* 火影19.png in Resources */ = {isa = PBXBuildFile; fileRef = 2695BF901CABAED30013E058 /* 火影19.png */; };
		2695C02A1CABAED30013E058 /* 火影20.png in Resources */ = {isa = PBXBuildFile; fileRef = 2695BF911CABAED30013E058 /* 火影20.png */; };
		2695C02B1CABAED30013E058 /* 火影21.png in Resources */ = {isa = PBXBuildFile; fileRef = 2695BF921CABAED30013E058 /* 火影21.png */; };
		2695C02C1CABAED30013E058 /* 火影22.png in Resources */ = {isa = PBXBuildFile; fileRef = 2695BF931CABAED30013E058 /* 火影22.png */; };
		2695C02D1CABAED30013E058 /* 火影23.png in Resources */ = {isa = PBXBuildFile; fileRef = 2695BF941CABAED30013E058 /* 火影23.png */; };
		2695C02E1CABAED30013E058 /* 火影24.png in Resources */ = {isa = PBXBuildFile; fileRef = 2695BF951CABAED30013E058 /* 火影24.png */; };
		2695C02F1CABAED30013E058 /* 火影25.png in Resources */ = {isa = PBXBuildFile; fileRef = 2695BF961CABAED30013E058 /* 火影25.png */; };
		2695C0301CABAED30013E058 /* 火影26.png in Resources */ = {isa = PBXBuildFile; fileRef = 2695BF971CABAED30013E058 /* 火影26.png */; };
		2695C0311CABAED30013E058 /* 火影27.png in Resources */ = {isa = PBXBuildFile; fileRef = 2695BF981CABAED30013E058 /* 火影27.png */; };
		2695C0321CABAED30013E058 /* 火影28.png in Resources */ = {isa = PBXBuildFile; fileRef = 2695BF991CABAED30013E058 /* 火影28.png */; };
		2695C0331CABAED30013E058 /* 火影29.png in Resources */ = {isa = PBXBuildFile; fileRef = 2695BF9A1CABAED30013E058 /* 火影29.png */; };
		2695C0341CABAED30013E058 /* 火影30.png in Resources */ = {isa = PBXBuildFile; fileRef = 2695BF9B1CABAED30013E058 /* 火影30.png */; };
		2695C0351CABAED30013E058 /* 火影31.png in Resources */ = {isa = PBXBuildFile; fileRef = 2695BF9C1CABAED30013E058 /* 火影31.png */; };
		2695C0361CABAED30013E058 /* 火影32.png in Resources */ = {isa = PBXBuildFile; fileRef = 2695BF9D1CABAED30013E058 /* 火影32.png */; };
		2695C0371CABAED30013E058 /* 火影33.png in Resources */ = {isa = PBXBuildFile; fileRef = 2695BF9E1CABAED30013E058 /* 火影33.png */; };
		2695C0381CABAED30013E058 /* 火影34.png in Resources */ = {isa = PBXBuildFile; fileRef = 2695BF9F1CABAED30013E058 /* 火影34.png */; };
		2695C0391CABAED30013E058 /* 火影35.png in Resources */ = {isa = PBXBuildFile; fileRef = 2695BFA01CABAED30013E058 /* 火影35.png */; };
		2695C03A1CABAED30013E058 /* 火影36.png in Resources */ = {isa = PBXBuildFile; fileRef = 2695BFA11CABAED30013E058 /* 火影36.png */; };
		2695C03B1CABAED30013E058 /* 火影37.png in Resources */ = {isa = PBXBuildFile; fileRef = 2695BFA21CABAED30013E058 /* 火影37.png */; };
		2695C03C1CABAED30013E058 /* 火影38.png in Resources */ = {isa = PBXBuildFile; fileRef = 2695BFA31CABAED30013E058 /* 火影38.png */; };
		2695C03D1CABAED30013E058 /* 火影39.png in Resources */ = {isa = PBXBuildFile; fileRef = 2695BFA41CABAED30013E058 /* 火影39.png */; };
		2695C03E1CABAED30013E058 /* 火影40.png in Resources */ = {isa = PBXBuildFile; fileRef = 2695BFA51CABAED30013E058 /* 火影40.png */; };
		2695C03F1CABAED30013E058 /* 火影41.png in Resources */ = {isa = PBXBuildFile; fileRef = 2695BFA61CABAED30013E058 /* 火影41.png */; };
		2695C0401CABAED30013E058 /* 火影42.png in Resources */ = {isa = PBXBuildFile; fileRef = 2695BFA71CABAED30013E058 /* 火影42.png */; };
		2695C0411CABAED30013E058 /* 火影43.png in Resources */ = {isa = PBXBuildFile; fileRef = 2695BFA81CABAED30013E058 /* 火影43.png */; };
		2695C0421CABAED30013E058 /* 火影44.png in Resources */ = {isa = PBXBuildFile; fileRef = 2695BFA91CABAED30013E058 /* 火影44.png */; };
		2695C0431CABAED30013E058 /* 火影45.png in Resources */ = {isa = PBXBuildFile; fileRef = 2695BFAA1CABAED30013E058 /* 火影45.png */; };
		2695C0441CABAED30013E058 /* 火影46.png in Resources */ = {isa = PBXBuildFile; fileRef = 2695BFAB1CABAED30013E058 /* 火影46.png */; };
		2695C0451CABAED30013E058 /* 火影47.png in Resources */ = {isa = PBXBuildFile; fileRef = 2695BFAC1CABAED30013E058 /* 火影47.png */; };
		2695C0461CABAED30013E058 /* 火影48.png in Resources */ = {isa = PBXBuildFile; fileRef = 2695BFAD1CABAED30013E058 /* 火影48.png */; };
		2695C0471CABAED30013E058 /* 火影49.png in Resources */ = {isa = PBXBuildFile; fileRef = 2695BFAE1CABAED30013E058 /* 火影49.png */; };
		2695C0481CABAED30013E058 /* 火影50.png in Resources */ = {isa = PBXBuildFile; fileRef = 2695BFAF1CABAED30013E058 /* 火影50.png */; };
		2695C0491CABAED30013E058 /* 火影51.png in Resources */ = {isa = PBXBuildFile; fileRef = 2695BFB01CABAED30013E058 /* 火影51.png */; };
		2695C04A1CABAED30013E058 /* 火影52.png in Resources */ = {isa = PBXBuildFile; fileRef = 2695BFB11CABAED30013E058 /* 火影52.png */; };
		2695C04B1CABAED30013E058 /* 火影53.png in Resources */ = {isa = PBXBuildFile; fileRef = 2695BFB21CABAED30013E058 /* 火影53.png */; };
		2695C04C1CABAED30013E058 /* 火影54.png in Resources */ = {isa = PBXBuildFile; fileRef = 2695BFB31CABAED30013E058 /* 火影54.png */; };
		2695C04D1CABAED30013E058 /* 美女01.jpg in Resources */ = {isa = PBXBuildFile; fileRef = 2695BFB51CABAED30013E058 /* 美女01.jpg */; };
		2695C04E1CABAED30013E058 /* 美女02.jpg in Resources */ = {isa = PBXBuildFile; fileRef = 2695BFB61CABAED30013E058 /* 美女02.jpg */; };
		2695C04F1CABAED30013E058 /* 美女03.jpg in Resources */ = {isa = PBXBuildFile; fileRef = 2695BFB71CABAED30013E058 /* 美女03.jpg */; };
		2695C0501CABAED30013E058 /* 美女04.jpg in Resources */ = {isa = PBXBuildFile; fileRef = 2695BFB81CABAED30013E058 /* 美女04.jpg */; };
		2695C0511CABAED30013E058 /* 美女05.jpg in Resources */ = {isa = PBXBuildFile; fileRef = 2695BFB91CABAED30013E058 /* 美女05.jpg */; };
		2695C0521CABAED30013E058 /* 美女06.jpg in Resources */ = {isa = PBXBuildFile; fileRef = 2695BFBA1CABAED30013E058 /* 美女06.jpg */; };
		2695C0531CABAED30013E058 /* 美女07.jpg in Resources */ = {isa = PBXBuildFile; fileRef = 2695BFBB1CABAED30013E058 /* 美女07.jpg */; };
		2695C0541CABAED30013E058 /* 美女08.jpg in Resources */ = {isa = PBXBuildFile; fileRef = 2695BFBC1CABAED30013E058 /* 美女08.jpg */; };
		2695C0551CABAED30013E058 /* 美女09.jpg in Resources */ = {isa = PBXBuildFile; fileRef = 2695BFBD1CABAED30013E058 /* 美女09.jpg */; };
		2695C0561CABAED30013E058 /* 美女10.jpg in Resources */ = {isa = PBXBuildFile; fileRef = 2695BFBE1CABAED30013E058 /* 美女10.jpg */; };
		2695C0571CABAED30013E058 /* 美女11.jpg in Resources */ = {isa = PBXBuildFile; fileRef = 2695BFBF1CABAED30013E058 /* 美女11.jpg */; };
		2695C0581CABAED30013E058 /* 美女12.jpg in Resources */ = {isa = PBXBuildFile; fileRef = 2695BFC01CABAED30013E058 /* 美女12.jpg */; };
		2695C0591CABAED30013E058 /* 美女13.jpg in Resources */ = {isa = PBXBuildFile; fileRef = 2695BFC11CABAED30013E058 /* 美女13.jpg */; };
		2695C05A1CABAED30013E058 /* 美女14.jpg in Resources */ = {isa = PBXBuildFile; fileRef = 2695BFC21CABAED30013E058 /* 美女14.jpg */; };
		2695C05B1CABAED30013E058 /* 美女15.jpg in Resources */ = {isa = PBXBuildFile; fileRef = 2695BFC31CABAED30013E058 /* 美女15.jpg */; };
		2695C05C1CABAED30013E058 /* 美女16.jpg in Resources */ = {isa = PBXBuildFile; fileRef = 2695BFC41CABAED30013E058 /* 美女16.jpg */; };
		2695C05D1CABAED30013E058 /* 美女17.jpg in Resources */ = {isa = PBXBuildFile; fileRef = 2695BFC51CABAED30013E058 /* 美女17.jpg */; };
		2695C05E1CABAED30013E058 /* 美女18.jpg in Resources */ = {isa = PBXBuildFile; fileRef = 2695BFC61CABAED30013E058 /* 美女18.jpg */; };
		2695C05F1CABAED30013E058 /* 美女19.jpg in Resources */ = {isa = PBXBuildFile; fileRef = 2695BFC71CABAED30013E058 /* 美女19.jpg */; };
		2695C0601CABAED30013E058 /* 美女20.jpg in Resources */ = {isa = PBXBuildFile; fileRef = 2695BFC81CABAED30013E058 /* 美女20.jpg */; };
		2695C0611CABAED30013E058 /* 美女21.jpg in Resources */ = {isa = PBXBuildFile; fileRef = 2695BFC91CABAED30013E058 /* 美女21.jpg */; };
		2695C0621CABAED30013E058 /* 美女22.jpg in Resources */ = {isa = PBXBuildFile; fileRef = 2695BFCA1CABAED30013E058 /* 美女22.jpg */; };
		2695C0631CABAED30013E058 /* 美女23.jpg in Resources */ = {isa = PBXBuildFile; fileRef = 2695BFCB1CABAED30013E058 /* 美女23.jpg */; };
		2695C0641CABAED30013E058 /* 美女24.jpg in Resources */ = {isa = PBXBuildFile; fileRef = 2695BFCC1CABAED30013E058 /* 美女24.jpg */; };
		2695C0651CABAED30013E058 /* 美女25.jpg in Resources */ = {isa = PBXBuildFile; fileRef = 2695BFCD1CABAED30013E058 /* 美女25.jpg */; };
		26A1C2521CB364380068C1D5 /* swTableViewCell.m in Sources */ = {isa = PBXBuildFile; fileRef = 26A1C2511CB364380068C1D5 /* swTableViewCell.m */; };
/* End PBXBuildFile section */

/* Begin PBXContainerItemProxy section */
		2695BF151CABADA50013E058 /* PBXContainerItemProxy */ = {
			isa = PBXContainerItemProxy;
			containerPortal = 2695BEF31CABADA50013E058 /* Project object */;
			proxyType = 1;
			remoteGlobalIDString = 2695BEFA1CABADA50013E058;
			remoteInfo = TableViewTest;
		};
		2695BF201CABADA50013E058 /* PBXContainerItemProxy */ = {
			isa = PBXContainerItemProxy;
			containerPortal = 2695BEF31CABADA50013E058 /* Project object */;
			proxyType = 1;
			remoteGlobalIDString = 2695BEFA1CABADA50013E058;
			remoteInfo = TableViewTest;
		};
/* End PBXContainerItemProxy section */

/* Begin PBXFileReference section */
		2695BEFB1CABADA50013E058 /* TableViewTest.app */ = {isa = PBXFileReference; explicitFileType = wrapper.application; includeInIndex = 0; path = TableViewTest.app; sourceTree = BUILT_PRODUCTS_DIR; };
		2695BEFF1CABADA50013E058 /* main.m */ = {isa = PBXFileReference; lastKnownFileType = sourcecode.c.objc; path = main.m; sourceTree = "<group>"; };
		2695BF011CABADA50013E058 /* AppDelegate.h */ = {isa = PBXFileReference; lastKnownFileType = sourcecode.c.h; path = AppDelegate.h; sourceTree = "<group>"; };
		2695BF021CABADA50013E058 /* AppDelegate.m */ = {isa = PBXFileReference; lastKnownFileType = sourcecode.c.objc; path = AppDelegate.m; sourceTree = "<group>"; };
		2695BF041CABADA50013E058 /* ViewController.h */ = {isa = PBXFileReference; lastKnownFileType = sourcecode.c.h; path = ViewController.h; sourceTree = "<group>"; };
		2695BF051CABADA50013E058 /* ViewController.m */ = {isa = PBXFileReference; lastKnownFileType = sourcecode.c.objc; path = ViewController.m; sourceTree = "<group>"; };
		2695BF081CABADA50013E058 /* Base */ = {isa = PBXFileReference; lastKnownFileType = file.storyboard; name = Base; path = Base.lproj/Main.storyboard; sourceTree = "<group>"; };
		2695BF0A1CABADA50013E058 /* Assets.xcassets */ = {isa = PBXFileReference; lastKnownFileType = folder.assetcatalog; path = Assets.xcassets; sourceTree = "<group>"; };
		2695BF0D1CABADA50013E058 /* Base */ = {isa = PBXFileReference; lastKnownFileType = file.storyboard; name = Base; path = Base.lproj/LaunchScreen.storyboard; sourceTree = "<group>"; };
		2695BF0F1CABADA50013E058 /* Info.plist */ = {isa = PBXFileReference; lastKnownFileType = text.plist.xml; path = Info.plist; sourceTree = "<group>"; };
		2695BF141CABADA50013E058 /* TableViewTestTests.xctest */ = {isa = PBXFileReference; explicitFileType = wrapper.cfbundle; includeInIndex = 0; path = TableViewTestTests.xctest; sourceTree = BUILT_PRODUCTS_DIR; };
		2695BF181CABADA50013E058 /* TableViewTestTests.m */ = {isa = PBXFileReference; lastKnownFileType = sourcecode.c.objc; path = TableViewTestTests.m; sourceTree = "<group>"; };
		2695BF1A1CABADA50013E058 /* Info.plist */ = {isa = PBXFileReference; lastKnownFileType = text.plist.xml; path = Info.plist; sourceTree = "<group>"; };
		2695BF1F1CABADA50013E058 /* TableViewTestUITests.xctest */ = {isa = PBXFileReference; explicitFileType = wrapper.cfbundle; includeInIndex = 0; path = TableViewTestUITests.xctest; sourceTree = BUILT_PRODUCTS_DIR; };
		2695BF231CABADA50013E058 /* TableViewTestUITests.m */ = {isa = PBXFileReference; lastKnownFileType = sourcecode.c.objc; path = TableViewTestUITests.m; sourceTree = "<group>"; };
		2695BF251CABADA50013E058 /* Info.plist */ = {isa = PBXFileReference; lastKnownFileType = text.plist.xml; path = Info.plist; sourceTree = "<group>"; };
		2695BF321CABAED30013E058 /* image_圣斗士.plist */ = {isa = PBXFileReference; fileEncoding = 4; lastKnownFileType = text.plist.xml; path = "image_圣斗士.plist"; sourceTree = "<group>"; };
		2695BF331CABAED30013E058 /* image_海贼.plist */ = {isa = PBXFileReference; fileEncoding = 4; lastKnownFileType = text.plist.xml; path = "image_海贼.plist"; sourceTree = "<group>"; };
		2695BF341CABAED30013E058 /* image_火影忍者.plist */ = {isa = PBXFileReference; fileEncoding = 4; lastKnownFileType = text.plist.xml; path = "image_火影忍者.plist"; sourceTree = "<group>"; };
		2695BF351CABAED30013E058 /* image_美女.plist */ = {isa = PBXFileReference; fileEncoding = 4; lastKnownFileType = text.plist.xml; path = "image_美女.plist"; sourceTree = "<group>"; };
		2695BF371CABAED30013E058 /* 圣斗士01.jpg */ = {isa = PBXFileReference; lastKnownFileType = image.jpeg; path = "圣斗士01.jpg"; sourceTree = "<group>"; };
		2695BF381CABAED30013E058 /* 圣斗士02.jpg */ = {isa = PBXFileReference; lastKnownFileType = image.jpeg; path = "圣斗士02.jpg"; sourceTree = "<group>"; };
		2695BF391CABAED30013E058 /* 圣斗士03.jpg */ = {isa = PBXFileReference; lastKnownFileType = image.jpeg; path = "圣斗士03.jpg"; sourceTree = "<group>"; };
		2695BF3A1CABAED30013E058 /* 圣斗士04.jpg */ = {isa = PBXFileReference; lastKnownFileType = image.jpeg; path = "圣斗士04.jpg"; sourceTree = "<group>"; };
		2695BF3B1CABAED30013E058 /* 圣斗士05.jpg */ = {isa = PBXFileReference; lastKnownFileType = image.jpeg; path = "圣斗士05.jpg"; sourceTree = "<group>"; };
		2695BF3C1CABAED30013E058 /* 圣斗士06.jpg */ = {isa = PBXFileReference; lastKnownFileType = image.jpeg; path = "圣斗士06.jpg"; sourceTree = "<group>"; };
		2695BF3D1CABAED30013E058 /* 圣斗士07.jpg */ = {isa = PBXFileReference; lastKnownFileType = image.jpeg; path = "圣斗士07.jpg"; sourceTree = "<group>"; };
		2695BF3E1CABAED30013E058 /* 圣斗士08.jpg */ = {isa = PBXFileReference; lastKnownFileType = image.jpeg; path = "圣斗士08.jpg"; sourceTree = "<group>"; };
		2695BF3F1CABAED30013E058 /* 圣斗士09.jpg */ = {isa = PBXFileReference; lastKnownFileType = image.jpeg; path = "圣斗士09.jpg"; sourceTree = "<group>"; };
		2695BF401CABAED30013E058 /* 圣斗士10.jpg */ = {isa = PBXFileReference; lastKnownFileType = image.jpeg; path = "圣斗士10.jpg"; sourceTree = "<group>"; };
		2695BF411CABAED30013E058 /* 圣斗士11.jpg */ = {isa = PBXFileReference; lastKnownFileType = image.jpeg; path = "圣斗士11.jpg"; sourceTree = "<group>"; };
		2695BF421CABAED30013E058 /* 圣斗士12.jpg */ = {isa = PBXFileReference; lastKnownFileType = image.jpeg; path = "圣斗士12.jpg"; sourceTree = "<group>"; };
		2695BF431CABAED30013E058 /* 圣斗士13.jpg */ = {isa = PBXFileReference; lastKnownFileType = image.jpeg; path = "圣斗士13.jpg"; sourceTree = "<group>"; };
		2695BF441CABAED30013E058 /* 圣斗士14.jpg */ = {isa = PBXFileReference; lastKnownFileType = image.jpeg; path = "圣斗士14.jpg"; sourceTree = "<group>"; };
		2695BF451CABAED30013E058 /* 圣斗士15.jpg */ = {isa = PBXFileReference; lastKnownFileType = image.jpeg; path = "圣斗士15.jpg"; sourceTree = "<group>"; };
		2695BF471CABAED30013E058 /* 海贼01.jpg */ = {isa = PBXFileReference; lastKnownFileType = image.jpeg; path = "海贼01.jpg"; sourceTree = "<group>"; };
		2695BF481CABAED30013E058 /* 海贼02.jpg */ = {isa = PBXFileReference; lastKnownFileType = image.jpeg; path = "海贼02.jpg"; sourceTree = "<group>"; };
		2695BF491CABAED30013E058 /* 海贼03.jpg */ = {isa = PBXFileReference; lastKnownFileType = image.jpeg; path = "海贼03.jpg"; sourceTree = "<group>"; };
		2695BF4A1CABAED30013E058 /* 海贼04.jpg */ = {isa = PBXFileReference; lastKnownFileType = image.jpeg; path = "海贼04.jpg"; sourceTree = "<group>"; };
		2695BF4B1CABAED30013E058 /* 海贼05.jpg */ = {isa = PBXFileReference; lastKnownFileType = image.jpeg; path = "海贼05.jpg"; sourceTree = "<group>"; };
		2695BF4C1CABAED30013E058 /* 海贼06.jpg */ = {isa = PBXFileReference; lastKnownFileType = image.jpeg; path = "海贼06.jpg"; sourceTree = "<group>"; };
		2695BF4D1CABAED30013E058 /* 海贼07.jpg */ = {isa = PBXFileReference; lastKnownFileType = image.jpeg; path = "海贼07.jpg"; sourceTree = "<group>"; };
		2695BF4E1CABAED30013E058 /* 海贼08.jpg */ = {isa = PBXFileReference; lastKnownFileType = image.jpeg; path = "海贼08.jpg"; sourceTree = "<group>"; };
		2695BF4F1CABAED30013E058 /* 海贼09.jpg */ = {isa = PBXFileReference; lastKnownFileType = image.jpeg; path = "海贼09.jpg"; sourceTree = "<group>"; };
		2695BF501CABAED30013E058 /* 海贼10.jpg */ = {isa = PBXFileReference; lastKnownFileType = image.jpeg; path = "海贼10.jpg"; sourceTree = "<group>"; };
		2695BF511CABAED30013E058 /* 海贼11.jpg */ = {isa = PBXFileReference; lastKnownFileType = image.jpeg; path = "海贼11.jpg"; sourceTree = "<group>"; };
		2695BF521CABAED30013E058 /* 海贼12.jpg */ = {isa = PBXFileReference; lastKnownFileType = image.jpeg; path = "海贼12.jpg"; sourceTree = "<group>"; };
		2695BF531CABAED30013E058 /* 海贼13.jpg */ = {isa = PBXFileReference; lastKnownFileType = image.jpeg; path = "海贼13.jpg"; sourceTree = "<group>"; };
		2695BF541CABAED30013E058 /* 海贼14.jpg */ = {isa = PBXFileReference; lastKnownFileType = image.jpeg; path = "海贼14.jpg"; sourceTree = "<group>"; };
		2695BF551CABAED30013E058 /* 海贼15.jpg */ = {isa = PBXFileReference; lastKnownFileType = image.jpeg; path = "海贼15.jpg"; sourceTree = "<group>"; };
		2695BF561CABAED30013E058 /* 海贼16.jpg */ = {isa = PBXFileReference; lastKnownFileType = image.jpeg; path = "海贼16.jpg"; sourceTree = "<group>"; };
		2695BF571CABAED30013E058 /* 海贼17.jpg */ = {isa = PBXFileReference; lastKnownFileType = image.jpeg; path = "海贼17.jpg"; sourceTree = "<group>"; };
		2695BF581CABAED30013E058 /* 海贼18.jpg */ = {isa = PBXFileReference; lastKnownFileType = image.jpeg; path = "海贼18.jpg"; sourceTree = "<group>"; };
		2695BF591CABAED30013E058 /* 海贼19.jpg */ = {isa = PBXFileReference; lastKnownFileType = image.jpeg; path = "海贼19.jpg"; sourceTree = "<group>"; };
		2695BF5A1CABAED30013E058 /* 海贼20.jpg */ = {isa = PBXFileReference; lastKnownFileType = image.jpeg; path = "海贼20.jpg"; sourceTree = "<group>"; };
		2695BF5B1CABAED30013E058 /* 海贼21.jpg */ = {isa = PBXFileReference; lastKnownFileType = image.jpeg; path = "海贼21.jpg"; sourceTree = "<group>"; };
		2695BF5C1CABAED30013E058 /* 海贼22.jpg */ = {isa = PBXFileReference; lastKnownFileType = image.jpeg; path = "海贼22.jpg"; sourceTree = "<group>"; };
		2695BF5D1CABAED30013E058 /* 海贼23.jpg */ = {isa = PBXFileReference; lastKnownFileType = image.jpeg; path = "海贼23.jpg"; sourceTree = "<group>"; };
		2695BF5E1CABAED30013E058 /* 海贼24.jpg */ = {isa = PBXFileReference; lastKnownFileType = image.jpeg; path = "海贼24.jpg"; sourceTree = "<group>"; };
		2695BF5F1CABAED30013E058 /* 海贼25.jpg */ = {isa = PBXFileReference; lastKnownFileType = image.jpeg; path = "海贼25.jpg"; sourceTree = "<group>"; };
		2695BF601CABAED30013E058 /* 海贼26.jpg */ = {isa = PBXFileReference; lastKnownFileType = image.jpeg; path = "海贼26.jpg"; sourceTree = "<group>"; };
		2695BF611CABAED30013E058 /* 海贼27.jpg */ = {isa = PBXFileReference; lastKnownFileType = image.jpeg; path = "海贼27.jpg"; sourceTree = "<group>"; };
		2695BF621CABAED30013E058 /* 海贼28.jpg */ = {isa = PBXFileReference; lastKnownFileType = image.jpeg; path = "海贼28.jpg"; sourceTree = "<group>"; };
		2695BF631CABAED30013E058 /* 海贼29.jpg */ = {isa = PBXFileReference; lastKnownFileType = image.jpeg; path = "海贼29.jpg"; sourceTree = "<group>"; };
		2695BF641CABAED30013E058 /* 海贼30.jpg */ = {isa = PBXFileReference; lastKnownFileType = image.jpeg; path = "海贼30.jpg"; sourceTree = "<group>"; };
		2695BF651CABAED30013E058 /* 海贼31.jpg */ = {isa = PBXFileReference; lastKnownFileType = image.jpeg; path = "海贼31.jpg"; sourceTree = "<group>"; };
		2695BF661CABAED30013E058 /* 海贼32.jpg */ = {isa = PBXFileReference; lastKnownFileType = image.jpeg; path = "海贼32.jpg"; sourceTree = "<group>"; };
		2695BF671CABAED30013E058 /* 海贼33.jpg */ = {isa = PBXFileReference; lastKnownFileType = image.jpeg; path = "海贼33.jpg"; sourceTree = "<group>"; };
		2695BF681CABAED30013E058 /* 海贼34.jpg */ = {isa = PBXFileReference; lastKnownFileType = image.jpeg; path = "海贼34.jpg"; sourceTree = "<group>"; };
		2695BF691CABAED30013E058 /* 海贼35.jpg */ = {isa = PBXFileReference; lastKnownFileType = image.jpeg; path = "海贼35.jpg"; sourceTree = "<group>"; };
		2695BF6A1CABAED30013E058 /* 海贼36.jpg */ = {isa = PBXFileReference; lastKnownFileType = image.jpeg; path = "海贼36.jpg"; sourceTree = "<group>"; };
		2695BF6B1CABAED30013E058 /* 海贼37.jpg */ = {isa = PBXFileReference; lastKnownFileType = image.jpeg; path = "海贼37.jpg"; sourceTree = "<group>"; };
		2695BF6C1CABAED30013E058 /* 海贼38.jpg */ = {isa = PBXFileReference; lastKnownFileType = image.jpeg; path = "海贼38.jpg"; sourceTree = "<group>"; };
		2695BF6D1CABAED30013E058 /* 海贼39.jpg */ = {isa = PBXFileReference; lastKnownFileType = image.jpeg; path = "海贼39.jpg"; sourceTree = "<group>"; };
		2695BF6E1CABAED30013E058 /* 海贼40.jpg */ = {isa = PBXFileReference; lastKnownFileType = image.jpeg; path = "海贼40.jpg"; sourceTree = "<group>"; };
		2695BF6F1CABAED30013E058 /* 海贼41.jpg */ = {isa = PBXFileReference; lastKnownFileType = image.jpeg; path = "海贼41.jpg"; sourceTree = "<group>"; };
		2695BF701CABAED30013E058 /* 海贼42.jpg */ = {isa = PBXFileReference; lastKnownFileType = image.jpeg; path = "海贼42.jpg"; sourceTree = "<group>"; };
		2695BF711CABAED30013E058 /* 海贼43.jpg */ = {isa = PBXFileReference; lastKnownFileType = image.jpeg; path = "海贼43.jpg"; sourceTree = "<group>"; };
		2695BF721CABAED30013E058 /* 海贼44.jpg */ = {isa = PBXFileReference; lastKnownFileType = image.jpeg; path = "海贼44.jpg"; sourceTree = "<group>"; };
		2695BF731CABAED30013E058 /* 海贼45.jpg */ = {isa = PBXFileReference; lastKnownFileType = image.jpeg; path = "海贼45.jpg"; sourceTree = "<group>"; };
		2695BF741CABAED30013E058 /* 海贼46.jpg */ = {isa = PBXFileReference; lastKnownFileType = image.jpeg; path = "海贼46.jpg"; sourceTree = "<group>"; };
		2695BF751CABAED30013E058 /* 海贼47.jpg */ = {isa = PBXFileReference; lastKnownFileType = image.jpeg; path = "海贼47.jpg"; sourceTree = "<group>"; };
		2695BF761CABAED30013E058 /* 海贼48.jpg */ = {isa = PBXFileReference; lastKnownFileType = image.jpeg; path = "海贼48.jpg"; sourceTree = "<group>"; };
		2695BF771CABAED30013E058 /* 海贼49.jpg */ = {isa = PBXFileReference; lastKnownFileType = image.jpeg; path = "海贼49.jpg"; sourceTree = "<group>"; };
		2695BF781CABAED30013E058 /* 海贼50.jpg */ = {isa = PBXFileReference; lastKnownFileType = image.jpeg; path = "海贼50.jpg"; sourceTree = "<group>"; };
		2695BF791CABAED30013E058 /* 海贼51.jpg */ = {isa = PBXFileReference; lastKnownFileType = image.jpeg; path = "海贼51.jpg"; sourceTree = "<group>"; };
		2695BF7A1CABAED30013E058 /* 海贼52.jpg */ = {isa = PBXFileReference; lastKnownFileType = image.jpeg; path = "海贼52.jpg"; sourceTree = "<group>"; };
		2695BF7B1CABAED30013E058 /* 海贼53.jpg */ = {isa = PBXFileReference; lastKnownFileType = image.jpeg; path = "海贼53.jpg"; sourceTree = "<group>"; };
		2695BF7C1CABAED30013E058 /* 海贼54.jpg */ = {isa = PBXFileReference; lastKnownFileType = image.jpeg; path = "海贼54.jpg"; sourceTree = "<group>"; };
		2695BF7E1CABAED30013E058 /* 火影01.png */ = {isa = PBXFileReference; lastKnownFileType = image.png; path = "火影01.png"; sourceTree = "<group>"; };
		2695BF7F1CABAED30013E058 /* 火影02.png */ = {isa = PBXFileReference; lastKnownFileType = image.png; path = "火影02.png"; sourceTree = "<group>"; };
		2695BF801CABAED30013E058 /* 火影03.png */ = {isa = PBXFileReference; lastKnownFileType = image.png; path = "火影03.png"; sourceTree = "<group>"; };
		2695BF811CABAED30013E058 /* 火影04.png */ = {isa = PBXFileReference; lastKnownFileType = image.png; path = "火影04.png"; sourceTree = "<group>"; };
		2695BF821CABAED30013E058 /* 火影05.png */ = {isa = PBXFileReference; lastKnownFileType = image.png; path = "火影05.png"; sourceTree = "<group>"; };
		2695BF831CABAED30013E058 /* 火影06.png */ = {isa = PBXFileReference; lastKnownFileType = image.png; path = "火影06.png"; sourceTree = "<group>"; };
		2695BF841CABAED30013E058 /* 火影07.png */ = {isa = PBXFileReference; lastKnownFileType = image.png; path = "火影07.png"; sourceTree = "<group>"; };
		2695BF851CABAED30013E058 /* 火影08.png */ = {isa = PBXFileReference; lastKnownFileType = image.png; path = "火影08.png"; sourceTree = "<group>"; };
		2695BF861CABAED30013E058 /* 火影09.png */ = {isa = PBXFileReference; lastKnownFileType = image.png; path = "火影09.png"; sourceTree = "<group>"; };
		2695BF871CABAED30013E058 /* 火影10.png */ = {isa = PBXFileReference; lastKnownFileType = image.png; path = "火影10.png"; sourceTree = "<group>"; };
		2695BF881CABAED30013E058 /* 火影11.png */ = {isa = PBXFileReference; lastKnownFileType = image.png; path = "火影11.png"; sourceTree = "<group>"; };
		2695BF891CABAED30013E058 /* 火影12.png */ = {isa = PBXFileReference; lastKnownFileType = image.png; path = "火影12.png"; sourceTree = "<group>"; };
		2695BF8A1CABAED30013E058 /* 火影13.png */ = {isa = PBXFileReference; lastKnownFileType = image.png; path = "火影13.png"; sourceTree = "<group>"; };
		2695BF8B1CABAED30013E058 /* 火影14.png */ = {isa = PBXFileReference; lastKnownFileType = image.png; path = "火影14.png"; sourceTree = "<group>"; };
		2695BF8C1CABAED30013E058 /* 火影15.png */ = {isa = PBXFileReference; lastKnownFileType = image.png; path = "火影15.png"; sourceTree = "<group>"; };
		2695BF8D1CABAED30013E058 /* 火影16.png */ = {isa = PBXFileReference; lastKnownFileType = image.png; path = "火影16.png"; sourceTree = "<group>"; };
		2695BF8E1CABAED30013E058 /* 火影17.png */ = {isa = PBXFileReference; lastKnownFileType = image.png; path = "火影17.png"; sourceTree = "<group>"; };
		2695BF8F1CABAED30013E058 /* 火影18.png */ = {isa = PBXFileReference; lastKnownFileType = image.png; path = "火影18.png"; sourceTree = "<group>"; };
		2695BF901CABAED30013E058 /* 火影19.png */ = {isa = PBXFileReference; lastKnownFileType = image.png; path = "火影19.png"; sourceTree = "<group>"; };
		2695BF911CABAED30013E058 /* 火影20.png */ = {isa = PBXFileReference; lastKnownFileType = image.png; path = "火影20.png"; sourceTree = "<group>"; };
		2695BF921CABAED30013E058 /* 火影21.png */ = {isa = PBXFileReference; lastKnownFileType = image.png; path = "火影21.png"; sourceTree = "<group>"; };
		2695BF931CABAED30013E058 /* 火影22.png */ = {isa = PBXFileReference; lastKnownFileType = image.png; path = "火影22.png"; sourceTree = "<group>"; };
		2695BF941CABAED30013E058 /* 火影23.png */ = {isa = PBXFileReference; lastKnownFileType = image.png; path = "火影23.png"; sourceTree = "<group>"; };
		2695BF951CABAED30013E058 /* 火影24.png */ = {isa = PBXFileReference; lastKnownFileType = image.png; path = "火影24.png"; sourceTree = "<group>"; };
		2695BF961CABAED30013E058 /* 火影25.png */ = {isa = PBXFileReference; lastKnownFileType = image.png; path = "火影25.png"; sourceTree = "<group>"; };
		2695BF971CABAED30013E058 /* 火影26.png */ = {isa = PBXFileReference; lastKnownFileType = image.png; path = "火影26.png"; sourceTree = "<group>"; };
		2695BF981CABAED30013E058 /* 火影27.png */ = {isa = PBXFileReference; lastKnownFileType = image.png; path = "火影27.png"; sourceTree = "<group>"; };
		2695BF991CABAED30013E058 /* 火影28.png */ = {isa = PBXFileReference; lastKnownFileType = image.png; path = "火影28.png"; sourceTree = "<group>"; };
		2695BF9A1CABAED30013E058 /* 火影29.png */ = {isa = PBXFileReference; lastKnownFileType = image.png; path = "火影29.png"; sourceTree = "<group>"; };
		2695BF9B1CABAED30013E058 /* 火影30.png */ = {isa = PBXFileReference; lastKnownFileType = image.png; path = "火影30.png"; sourceTree = "<group>"; };
		2695BF9C1CABAED30013E058 /* 火影31.png */ = {isa = PBXFileReference; lastKnownFileType = image.png; path = "火影31.png"; sourceTree = "<group>"; };
		2695BF9D1CABAED30013E058 /* 火影32.png */ = {isa = PBXFileReference; lastKnownFileType = image.png; path = "火影32.png"; sourceTree = "<group>"; };
		2695BF9E1CABAED30013E058 /* 火影33.png */ = {isa = PBXFileReference; lastKnownFileType = image.png; path = "火影33.png"; sourceTree = "<group>"; };
		2695BF9F1CABAED30013E058 /* 火影34.png */ = {isa = PBXFileReference; lastKnownFileType = image.png; path = "火影34.png"; sourceTree = "<group>"; };
		2695BFA01CABAED30013E058 /* 火影35.png */ = {isa = PBXFileReference; lastKnownFileType = image.png; path = "火影35.png"; sourceTree = "<group>"; };
		2695BFA11CABAED30013E058 /* 火影36.png */ = {isa = PBXFileReference; lastKnownFileType = image.png; path = "火影36.png"; sourceTree = "<group>"; };
		2695BFA21CABAED30013E058 /* 火影37.png */ = {isa = PBXFileReference; lastKnownFileType = image.png; path = "火影37.png"; sourceTree = "<group>"; };
		2695BFA31CABAED30013E058 /* 火影38.png */ = {isa = PBXFileReference; lastKnownFileType = image.png; path = "火影38.png"; sourceTree = "<group>"; };
		2695BFA41CABAED30013E058 /* 火影39.png */ = {isa = PBXFileReference; lastKnownFileType = image.png; path = "火影39.png"; sourceTree = "<group>"; };
		2695BFA51CABAED30013E058 /* 火影40.png */ = {isa = PBXFileReference; lastKnownFileType = image.png; path = "火影40.png"; sourceTree = "<group>"; };
		2695BFA61CABAED30013E058 /* 火影41.png */ = {isa = PBXFileReference; lastKnownFileType = image.png; path = "火影41.png"; sourceTree = "<group>"; };
		2695BFA71CABAED30013E058 /* 火影42.png */ = {isa = PBXFileReference; lastKnownFileType = image.png; path = "火影42.png"; sourceTree = "<group>"; };
		2695BFA81CABAED30013E058 /* 火影43.png */ = {isa = PBXFileReference; lastKnownFileType = image.png; path = "火影43.png"; sourceTree = "<group>"; };
		2695BFA91CABAED30013E058 /* 火影44.png */ = {isa = PBXFileReference; lastKnownFileType = image.png; path = "火影44.png"; sourceTree = "<group>"; };
		2695BFAA1CABAED30013E058 /* 火影45.png */ = {isa = PBXFileReference; lastKnownFileType = image.png; path = "火影45.png"; sourceTree = "<group>"; };
		2695BFAB1CABAED30013E058 /* 火影46.png */ = {isa = PBXFileReference; lastKnownFileType = image.png; path = "火影46.png"; sourceTree = "<group>"; };
		2695BFAC1CABAED30013E058 /* 火影47.png */ = {isa = PBXFileReference; lastKnownFileType = image.png; path = "火影47.png"; sourceTree = "<group>"; };
		2695BFAD1CABAED30013E058 /* 火影48.png */ = {isa = PBXFileReference; lastKnownFileType = image.png; path = "火影48.png"; sourceTree = "<group>"; };
		2695BFAE1CABAED30013E058 /* 火影49.png */ = {isa = PBXFileReference; lastKnownFileType = image.png; path = "火影49.png"; sourceTree = "<group>"; };
		2695BFAF1CABAED30013E058 /* 火影50.png */ = {isa = PBXFileReference; lastKnownFileType = image.png; path = "火影50.png"; sourceTree = "<group>"; };
		2695BFB01CABAED30013E058 /* 火影51.png */ = {isa = PBXFileReference; lastKnownFileType = image.png; path = "火影51.png"; sourceTree = "<group>"; };
		2695BFB11CABAED30013E058 /* 火影52.png */ = {isa = PBXFileReference; lastKnownFileType = image.png; path = "火影52.png"; sourceTree = "<group>"; };
		2695BFB21CABAED30013E058 /* 火影53.png */ = {isa = PBXFileReference; lastKnownFileType = image.png; path = "火影53.png"; sourceTree = "<group>"; };
		2695BFB31CABAED30013E058 /* 火影54.png */ = {isa = PBXFileReference; lastKnownFileType = image.png; path = "火影54.png"; sourceTree = "<group>"; };
		2695BFB51CABAED30013E058 /* 美女01.jpg */ = {isa = PBXFileReference; lastKnownFileType = image.jpeg; path = "美女01.jpg"; sourceTree = "<group>"; };
		2695BFB61CABAED30013E058 /* 美女02.jpg */ = {isa = PBXFileReference; lastKnownFileType = image.jpeg; path = "美女02.jpg"; sourceTree = "<group>"; };
		2695BFB71CABAED30013E058 /* 美女03.jpg */ = {isa = PBXFileReference; lastKnownFileType = image.jpeg; path = "美女03.jpg"; sourceTree = "<group>"; };
		2695BFB81CABAED30013E058 /* 美女04.jpg */ = {isa = PBXFileReference; lastKnownFileType = image.jpeg; path = "美女04.jpg"; sourceTree = "<group>"; };
		2695BFB91CABAED30013E058 /* 美女05.jpg */ = {isa = PBXFileReference; lastKnownFileType = image.jpeg; path = "美女05.jpg"; sourceTree = "<group>"; };
		2695BFBA1CABAED30013E058 /* 美女06.jpg */ = {isa = PBXFileReference; lastKnownFileType = image.jpeg; path = "美女06.jpg"; sourceTree = "<group>"; };
		2695BFBB1CABAED30013E058 /* 美女07.jpg */ = {isa = PBXFileReference; lastKnownFileType = image.jpeg; path = "美女07.jpg"; sourceTree = "<group>"; };
		2695BFBC1CABAED30013E058 /* 美女08.jpg */ = {isa = PBXFileReference; lastKnownFileType = image.jpeg; path = "美女08.jpg"; sourceTree = "<group>"; };
		2695BFBD1CABAED30013E058 /* 美女09.jpg */ = {isa = PBXFileReference; lastKnownFileType = image.jpeg; path = "美女09.jpg"; sourceTree = "<group>"; };
		2695BFBE1CABAED30013E058 /* 美女10.jpg */ = {isa = PBXFileReference; lastKnownFileType = image.jpeg; path = "美女10.jpg"; sourceTree = "<group>"; };
		2695BFBF1CABAED30013E058 /* 美女11.jpg */ = {isa = PBXFileReference; lastKnownFileType = image.jpeg; path = "美女11.jpg"; sourceTree = "<group>"; };
		2695BFC01CABAED30013E058 /* 美女12.jpg */ = {isa = PBXFileReference; lastKnownFileType = image.jpeg; path = "美女12.jpg"; sourceTree = "<group>"; };
		2695BFC11CABAED30013E058 /* 美女13.jpg */ = {isa = PBXFileReference; lastKnownFileType = image.jpeg; path = "美女13.jpg"; sourceTree = "<group>"; };
		2695BFC21CABAED30013E058 /* 美女14.jpg */ = {isa = PBXFileReference; lastKnownFileType = image.jpeg; path = "美女14.jpg"; sourceTree = "<group>"; };
		2695BFC31CABAED30013E058 /* 美女15.jpg */ = {isa = PBXFileReference; lastKnownFileType = image.jpeg; path = "美女15.jpg"; sourceTree = "<group>"; };
		2695BFC41CABAED30013E058 /* 美女16.jpg */ = {isa = PBXFileReference; lastKnownFileType = image.jpeg; path = "美女16.jpg"; sourceTree = "<group>"; };
		2695BFC51CABAED30013E058 /* 美女17.jpg */ = {isa = PBXFileReference; lastKnownFileType = image.jpeg; path = "美女17.jpg"; sourceTree = "<group>"; };
		2695BFC61CABAED30013E058 /* 美女18.jpg */ = {isa = PBXFileReference; lastKnownFileType = image.jpeg; path = "美女18.jpg"; sourceTree = "<group>"; };
		2695BFC71CABAED30013E058 /* 美女19.jpg */ = {isa = PBXFileReference; lastKnownFileType = image.jpeg; path = "美女19.jpg"; sourceTree = "<group>"; };
		2695BFC81CABAED30013E058 /* 美女20.jpg */ = {isa = PBXFileReference; lastKnownFileType = image.jpeg; path = "美女20.jpg"; sourceTree = "<group>"; };
		2695BFC91CABAED30013E058 /* 美女21.jpg */ = {isa = PBXFileReference; lastKnownFileType = image.jpeg; path = "美女21.jpg"; sourceTree = "<group>"; };
		2695BFCA1CABAED30013E058 /* 美女22.jpg */ = {isa = PBXFileReference; lastKnownFileType = image.jpeg; path = "美女22.jpg"; sourceTree = "<group>"; };
		2695BFCB1CABAED30013E058 /* 美女23.jpg */ = {isa = PBXFileReference; lastKnownFileType = image.jpeg; path = "美女23.jpg"; sourceTree = "<group>"; };
		2695BFCC1CABAED30013E058 /* 美女24.jpg */ = {isa = PBXFileReference; lastKnownFileType = image.jpeg; path = "美女24.jpg"; sourceTree = "<group>"; };
		2695BFCD1CABAED30013E058 /* 美女25.jpg */ = {isa = PBXFileReference; lastKnownFileType = image.jpeg; path = "美女25.jpg"; sourceTree = "<group>"; };
		26A1C2501CB364380068C1D5 /* swTableViewCell.h */ = {isa = PBXFileReference; fileEncoding = 4; lastKnownFileType = sourcecode.c.h; path = swTableViewCell.h; sourceTree = "<group>"; };
		26A1C2511CB364380068C1D5 /* swTableViewCell.m */ = {isa = PBXFileReference; fileEncoding = 4; lastKnownFileType = sourcecode.c.objc; path = swTableViewCell.m; sourceTree = "<group>"; };
/* End PBXFileReference section */

/* Begin PBXFrameworksBuildPhase section */
		2695BEF81CABADA50013E058 /* Frameworks */ = {
			isa = PBXFrameworksBuildPhase;
			buildActionMask = 2147483647;
			files = (
			);
			runOnlyForDeploymentPostprocessing = 0;
		};
		2695BF111CABADA50013E058 /* Frameworks */ = {
			isa = PBXFrameworksBuildPhase;
			buildActionMask = 2147483647;
			files = (
			);
			runOnlyForDeploymentPostprocessing = 0;
		};
		2695BF1C1CABADA50013E058 /* Frameworks */ = {
			isa = PBXFrameworksBuildPhase;
			buildActionMask = 2147483647;
			files = (
			);
			runOnlyForDeploymentPostprocessing = 0;
		};
/* End PBXFrameworksBuildPhase section */

/* Begin PBXGroup section */
		2695BEF21CABADA50013E058 = {
			isa = PBXGroup;
			children = (
				2695BF311CABAED30013E058 /* picture */,
				2695BEFD1CABADA50013E058 /* TableViewTest */,
				2695BF171CABADA50013E058 /* TableViewTestTests */,
				2695BF221CABADA50013E058 /* TableViewTestUITests */,
				2695BEFC1CABADA50013E058 /* Products */,
			);
			sourceTree = "<group>";
		};
		2695BEFC1CABADA50013E058 /* Products */ = {
			isa = PBXGroup;
			children = (
				2695BEFB1CABADA50013E058 /* TableViewTest.app */,
				2695BF141CABADA50013E058 /* TableViewTestTests.xctest */,
				2695BF1F1CABADA50013E058 /* TableViewTestUITests.xctest */,
			);
			name = Products;
			sourceTree = "<group>";
		};
		2695BEFD1CABADA50013E058 /* TableViewTest */ = {
			isa = PBXGroup;
			children = (
				2695BF011CABADA50013E058 /* AppDelegate.h */,
				2695BF021CABADA50013E058 /* AppDelegate.m */,
				2695BF041CABADA50013E058 /* ViewController.h */,
				2695BF051CABADA50013E058 /* ViewController.m */,
				26A1C2501CB364380068C1D5 /* swTableViewCell.h */,
				26A1C2511CB364380068C1D5 /* swTableViewCell.m */,
				2695BEFE1CABADA50013E058 /* Supporting Files */,
			);
			path = TableViewTest;
			sourceTree = "<group>";
		};
		2695BEFE1CABADA50013E058 /* Supporting Files */ = {
			isa = PBXGroup;
			children = (
				2695BF071CABADA50013E058 /* Main.storyboard */,
				2695BF0A1CABADA50013E058 /* Assets.xcassets */,
				2695BF0C1CABADA50013E058 /* LaunchScreen.storyboard */,
				2695BF0F1CABADA50013E058 /* Info.plist */,
				2695BEFF1CABADA50013E058 /* main.m */,
			);
			name = "Supporting Files";
			sourceTree = "<group>";
		};
		2695BF171CABADA50013E058 /* TableViewTestTests */ = {
			isa = PBXGroup;
			children = (
				2695BF181CABADA50013E058 /* TableViewTestTests.m */,
				2695BF1A1CABADA50013E058 /* Info.plist */,
			);
			path = TableViewTestTests;
			sourceTree = "<group>";
		};
		2695BF221CABADA50013E058 /* TableViewTestUITests */ = {
			isa = PBXGroup;
			children = (
				2695BF231CABADA50013E058 /* TableViewTestUITests.m */,
				2695BF251CABADA50013E058 /* Info.plist */,
			);
			path = TableViewTestUITests;
			sourceTree = "<group>";
		};
		2695BF311CABAED30013E058 /* picture */ = {
			isa = PBXGroup;
			children = (
				2695BF321CABAED30013E058 /* image_圣斗士.plist */,
				2695BF331CABAED30013E058 /* image_海贼.plist */,
				2695BF341CABAED30013E058 /* image_火影忍者.plist */,
				2695BF351CABAED30013E058 /* image_美女.plist */,
				2695BF361CABAED30013E058 /* 圣斗士 */,
				2695BF461CABAED30013E058 /* 海贼王 */,
				2695BF7D1CABAED30013E058 /* 火影忍者 */,
				2695BFB41CABAED30013E058 /* 美女 */,
			);
			path = picture;
			sourceTree = "<group>";
		};
		2695BF361CABAED30013E058 /* 圣斗士 */ = {
			isa = PBXGroup;
			children = (
				2695BF371CABAED30013E058 /* 圣斗士01.jpg */,
				2695BF381CABAED30013E058 /* 圣斗士02.jpg */,
				2695BF391CABAED30013E058 /* 圣斗士03.jpg */,
				2695BF3A1CABAED30013E058 /* 圣斗士04.jpg */,
				2695BF3B1CABAED30013E058 /* 圣斗士05.jpg */,
				2695BF3C1CABAED30013E058 /* 圣斗士06.jpg */,
				2695BF3D1CABAED30013E058 /* 圣斗士07.jpg */,
				2695BF3E1CABAED30013E058 /* 圣斗士08.jpg */,
				2695BF3F1CABAED30013E058 /* 圣斗士09.jpg */,
				2695BF401CABAED30013E058 /* 圣斗士10.jpg */,
				2695BF411CABAED30013E058 /* 圣斗士11.jpg */,
				2695BF421CABAED30013E058 /* 圣斗士12.jpg */,
				2695BF431CABAED30013E058 /* 圣斗士13.jpg */,
				2695BF441CABAED30013E058 /* 圣斗士14.jpg */,
				2695BF451CABAED30013E058 /* 圣斗士15.jpg */,
			);
			path = "圣斗士";
			sourceTree = "<group>";
		};
		2695BF461CABAED30013E058 /* 海贼王 */ = {
			isa = PBXGroup;
			children = (
				2695BF471CABAED30013E058 /* 海贼01.jpg */,
				2695BF481CABAED30013E058 /* 海贼02.jpg */,
				2695BF491CABAED30013E058 /* 海贼03.jpg */,
				2695BF4A1CABAED30013E058 /* 海贼04.jpg */,
				2695BF4B1CABAED30013E058 /* 海贼05.jpg */,
				2695BF4C1CABAED30013E058 /* 海贼06.jpg */,
				2695BF4D1CABAED30013E058 /* 海贼07.jpg */,
				2695BF4E1CABAED30013E058 /* 海贼08.jpg */,
				2695BF4F1CABAED30013E058 /* 海贼09.jpg */,
				2695BF501CABAED30013E058 /* 海贼10.jpg */,
				2695BF511CABAED30013E058 /* 海贼11.jpg */,
				2695BF521CABAED30013E058 /* 海贼12.jpg */,
				2695BF531CABAED30013E058 /* 海贼13.jpg */,
				2695BF541CABAED30013E058 /* 海贼14.jpg */,
				2695BF551CABAED30013E058 /* 海贼15.jpg */,
				2695BF561CABAED30013E058 /* 海贼16.jpg */,
				2695BF571CABAED30013E058 /* 海贼17.jpg */,
				2695BF581CABAED30013E058 /* 海贼18.jpg */,
				2695BF591CABAED30013E058 /* 海贼19.jpg */,
				2695BF5A1CABAED30013E058 /* 海贼20.jpg */,
				2695BF5B1CABAED30013E058 /* 海贼21.jpg */,
				2695BF5C1CABAED30013E058 /* 海贼22.jpg */,
				2695BF5D1CABAED30013E058 /* 海贼23.jpg */,
				2695BF5E1CABAED30013E058 /* 海贼24.jpg */,
				2695BF5F1CABAED30013E058 /* 海贼25.jpg */,
				2695BF601CABAED30013E058 /* 海贼26.jpg */,
				2695BF611CABAED30013E058 /* 海贼27.jpg */,
				2695BF621CABAED30013E058 /* 海贼28.jpg */,
				2695BF631CABAED30013E058 /* 海贼29.jpg */,
				2695BF641CABAED30013E058 /* 海贼30.jpg */,
				2695BF651CABAED30013E058 /* 海贼31.jpg */,
				2695BF661CABAED30013E058 /* 海贼32.jpg */,
				2695BF671CABAED30013E058 /* 海贼33.jpg */,
				2695BF681CABAED30013E058 /* 海贼34.jpg */,
				2695BF691CABAED30013E058 /* 海贼35.jpg */,
				2695BF6A1CABAED30013E058 /* 海贼36.jpg */,
				2695BF6B1CABAED30013E058 /* 海贼37.jpg */,
				2695BF6C1CABAED30013E058 /* 海贼38.jpg */,
				2695BF6D1CABAED30013E058 /* 海贼39.jpg */,
				2695BF6E1CABAED30013E058 /* 海贼40.jpg */,
				2695BF6F1CABAED30013E058 /* 海贼41.jpg */,
				2695BF701CABAED30013E058 /* 海贼42.jpg */,
				2695BF711CABAED30013E058 /* 海贼43.jpg */,
				2695BF721CABAED30013E058 /* 海贼44.jpg */,
				2695BF731CABAED30013E058 /* 海贼45.jpg */,
				2695BF741CABAED30013E058 /* 海贼46.jpg */,
				2695BF751CABAED30013E058 /* 海贼47.jpg */,
				2695BF761CABAED30013E058 /* 海贼48.jpg */,
				2695BF771CABAED30013E058 /* 海贼49.jpg */,
				2695BF781CABAED30013E058 /* 海贼50.jpg */,
				2695BF791CABAED30013E058 /* 海贼51.jpg */,
				2695BF7A1CABAED30013E058 /* 海贼52.jpg */,
				2695BF7B1CABAED30013E058 /* 海贼53.jpg */,
				2695BF7C1CABAED30013E058 /* 海贼54.jpg */,
			);
			path = "海贼王";
			sourceTree = "<group>";
		};
		2695BF7D1CABAED30013E058 /* 火影忍者 */ = {
			isa = PBXGroup;
			children = (
				2695BF7E1CABAED30013E058 /* 火影01.png */,
				2695BF7F1CABAED30013E058 /* 火影02.png */,
				2695BF801CABAED30013E058 /* 火影03.png */,
				2695BF811CABAED30013E058 /* 火影04.png */,
				2695BF821CABAED30013E058 /* 火影05.png */,
				2695BF831CABAED30013E058 /* 火影06.png */,
				2695BF841CABAED30013E058 /* 火影07.png */,
				2695BF851CABAED30013E058 /* 火影08.png */,
				2695BF861CABAED30013E058 /* 火影09.png */,
				2695BF871CABAED30013E058 /* 火影10.png */,
				2695BF881CABAED30013E058 /* 火影11.png */,
				2695BF891CABAED30013E058 /* 火影12.png */,
				2695BF8A1CABAED30013E058 /* 火影13.png */,
				2695BF8B1CABAED30013E058 /* 火影14.png */,
				2695BF8C1CABAED30013E058 /* 火影15.png */,
				2695BF8D1CABAED30013E058 /* 火影16.png */,
				2695BF8E1CABAED30013E058 /* 火影17.png */,
				2695BF8F1CABAED30013E058 /* 火影18.png */,
				2695BF901CABAED30013E058 /* 火影19.png */,
				2695BF911CABAED30013E058 /* 火影20.png */,
				2695BF921CABAED30013E058 /* 火影21.png */,
				2695BF931CABAED30013E058 /* 火影22.png */,
				2695BF941CABAED30013E058 /* 火影23.png */,
				2695BF951CABAED30013E058 /* 火影24.png */,
				2695BF961CABAED30013E058 /* 火影25.png */,
				2695BF971CABAED30013E058 /* 火影26.png */,
				2695BF981CABAED30013E058 /* 火影27.png */,
				2695BF991CABAED30013E058 /* 火影28.png */,
				2695BF9A1CABAED30013E058 /* 火影29.png */,
				2695BF9B1CABAED30013E058 /* 火影30.png */,
				2695BF9C1CABAED30013E058 /* 火影31.png */,
				2695BF9D1CABAED30013E058 /* 火影32.png */,
				2695BF9E1CABAED30013E058 /* 火影33.png */,
				2695BF9F1CABAED30013E058 /* 火影34.png */,
				2695BFA01CABAED30013E058 /* 火影35.png */,
				2695BFA11CABAED30013E058 /* 火影36.png */,
				2695BFA21CABAED30013E058 /* 火影37.png */,
				2695BFA31CABAED30013E058 /* 火影38.png */,
				2695BFA41CABAED30013E058 /* 火影39.png */,
				2695BFA51CABAED30013E058 /* 火影40.png */,
				2695BFA61CABAED30013E058 /* 火影41.png */,
				2695BFA71CABAED30013E058 /* 火影42.png */,
				2695BFA81CABAED30013E058 /* 火影43.png */,
				2695BFA91CABAED30013E058 /* 火影44.png */,
				2695BFAA1CABAED30013E058 /* 火影45.png */,
				2695BFAB1CABAED30013E058 /* 火影46.png */,
				2695BFAC1CABAED30013E058 /* 火影47.png */,
				2695BFAD1CABAED30013E058 /* 火影48.png */,
				2695BFAE1CABAED30013E058 /* 火影49.png */,
				2695BFAF1CABAED30013E058 /* 火影50.png */,
				2695BFB01CABAED30013E058 /* 火影51.png */,
				2695BFB11CABAED30013E058 /* 火影52.png */,
				2695BFB21CABAED30013E058 /* 火影53.png */,
				2695BFB31CABAED30013E058 /* 火影54.png */,
			);
			path = "火影忍者";
			sourceTree = "<group>";
		};
		2695BFB41CABAED30013E058 /* 美女 */ = {
			isa = PBXGroup;
			children = (
				2695BFB51CABAED30013E058 /* 美女01.jpg */,
				2695BFB61CABAED30013E058 /* 美女02.jpg */,
				2695BFB71CABAED30013E058 /* 美女03.jpg */,
				2695BFB81CABAED30013E058 /* 美女04.jpg */,
				2695BFB91CABAED30013E058 /* 美女05.jpg */,
				2695BFBA1CABAED30013E058 /* 美女06.jpg */,
				2695BFBB1CABAED30013E058 /* 美女07.jpg */,
				2695BFBC1CABAED30013E058 /* 美女08.jpg */,
				2695BFBD1CABAED30013E058 /* 美女09.jpg */,
				2695BFBE1CABAED30013E058 /* 美女10.jpg */,
				2695BFBF1CABAED30013E058 /* 美女11.jpg */,
				2695BFC01CABAED30013E058 /* 美女12.jpg */,
				2695BFC11CABAED30013E058 /* 美女13.jpg */,
				2695BFC21CABAED30013E058 /* 美女14.jpg */,
				2695BFC31CABAED30013E058 /* 美女15.jpg */,
				2695BFC41CABAED30013E058 /* 美女16.jpg */,
				2695BFC51CABAED30013E058 /* 美女17.jpg */,
				2695BFC61CABAED30013E058 /* 美女18.jpg */,
				2695BFC71CABAED30013E058 /* 美女19.jpg */,
				2695BFC81CABAED30013E058 /* 美女20.jpg */,
				2695BFC91CABAED30013E058 /* 美女21.jpg */,
				2695BFCA1CABAED30013E058 /* 美女22.jpg */,
				2695BFCB1CABAED30013E058 /* 美女23.jpg */,
				2695BFCC1CABAED30013E058 /* 美女24.jpg */,
				2695BFCD1CABAED30013E058 /* 美女25.jpg */,
			);
			path = "美女";
			sourceTree = "<group>";
		};
/* End PBXGroup section */

/* Begin PBXNativeTarget section */
		2695BEFA1CABADA50013E058 /* TableViewTest */ = {
			isa = PBXNativeTarget;
			buildConfigurationList = 2695BF281CABADA50013E058 /* Build configuration list for PBXNativeTarget "TableViewTest" */;
			buildPhases = (
				2695BEF71CABADA50013E058 /* Sources */,
				2695BEF81CABADA50013E058 /* Frameworks */,
				2695BEF91CABADA50013E058 /* Resources */,
			);
			buildRules = (
			);
			dependencies = (
			);
			name = TableViewTest;
			productName = TableViewTest;
			productReference = 2695BEFB1CABADA50013E058 /* TableViewTest.app */;
			productType = "com.apple.product-type.application";
		};
		2695BF131CABADA50013E058 /* TableViewTestTests */ = {
			isa = PBXNativeTarget;
			buildConfigurationList = 2695BF2B1CABADA50013E058 /* Build configuration list for PBXNativeTarget "TableViewTestTests" */;
			buildPhases = (
				2695BF101CABADA50013E058 /* Sources */,
				2695BF111CABADA50013E058 /* Frameworks */,
				2695BF121CABADA50013E058 /* Resources */,
			);
			buildRules = (
			);
			dependencies = (
				2695BF161CABADA50013E058 /* PBXTargetDependency */,
			);
			name = TableViewTestTests;
			productName = TableViewTestTests;
			productReference = 2695BF141CABADA50013E058 /* TableViewTestTests.xctest */;
			productType = "com.apple.product-type.bundle.unit-test";
		};
		2695BF1E1CABADA50013E058 /* TableViewTestUITests */ = {
			isa = PBXNativeTarget;
			buildConfigurationList = 2695BF2E1CABADA50013E058 /* Build configuration list for PBXNativeTarget "TableViewTestUITests" */;
			buildPhases = (
				2695BF1B1CABADA50013E058 /* Sources */,
				2695BF1C1CABADA50013E058 /* Frameworks */,
				2695BF1D1CABADA50013E058 /* Resources */,
			);
			buildRules = (
			);
			dependencies = (
				2695BF211CABADA50013E058 /* PBXTargetDependency */,
			);
			name = TableViewTestUITests;
			productName = TableViewTestUITests;
			productReference = 2695BF1F1CABADA50013E058 /* TableViewTestUITests.xctest */;
			productType = "com.apple.product-type.bundle.ui-testing";
		};
/* End PBXNativeTarget section */

/* Begin PBXProject section */
		2695BEF31CABADA50013E058 /* Project object */ = {
			isa = PBXProject;
			attributes = {
				LastUpgradeCheck = 0710;
				ORGANIZATIONNAME = "张松伟";
				TargetAttributes = {
					2695BEFA1CABADA50013E058 = {
						CreatedOnToolsVersion = 7.1.1;
						DevelopmentTeam = MHN2XFC72U;
					};
					2695BF131CABADA50013E058 = {
						CreatedOnToolsVersion = 7.1.1;
						TestTargetID = 2695BEFA1CABADA50013E058;
					};
					2695BF1E1CABADA50013E058 = {
						CreatedOnToolsVersion = 7.1.1;
						TestTargetID = 2695BEFA1CABADA50013E058;
					};
				};
			};
			buildConfigurationList = 2695BEF61CABADA50013E058 /* Build configuration list for PBXProject "TableViewTest" */;
			compatibilityVersion = "Xcode 3.2";
			developmentRegion = English;
			hasScannedForEncodings = 0;
			knownRegions = (
				en,
				Base,
			);
			mainGroup = 2695BEF21CABADA50013E058;
			productRefGroup = 2695BEFC1CABADA50013E058 /* Products */;
			projectDirPath = "";
			projectRoot = "";
			targets = (
				2695BEFA1CABADA50013E058 /* TableViewTest */,
				2695BF131CABADA50013E058 /* TableViewTestTests */,
				2695BF1E1CABADA50013E058 /* TableViewTestUITests */,
			);
		};
/* End PBXProject section */

/* Begin PBXResourcesBuildPhase section */
		2695BEF91CABADA50013E058 /* Resources */ = {
			isa = PBXResourcesBuildPhase;
			buildActionMask = 2147483647;
			files = (
				2695C03A1CABAED30013E058 /* 火影36.png in Resources */,
				2695BFF91CABAED30013E058 /* 海贼25.jpg in Resources */,
				2695C00F1CABAED30013E058 /* 海贼47.jpg in Resources */,
				2695C0461CABAED30013E058 /* 火影48.png in Resources */,
				2695C0541CABAED30013E058 /* 美女08.jpg in Resources */,
				2695C0021CABAED30013E058 /* 海贼34.jpg in Resources */,
				2695C0071CABAED30013E058 /* 海贼39.jpg in Resources */,
				2695C0001CABAED30013E058 /* 海贼32.jpg in Resources */,
				2695C0251CABAED30013E058 /* 火影15.png in Resources */,
				2695C0261CABAED30013E058 /* 火影16.png in Resources */,
				2695C0571CABAED30013E058 /* 美女11.jpg in Resources */,
				2695C0181CABAED30013E058 /* 火影02.png in Resources */,
				2695C0361CABAED30013E058 /* 火影32.png in Resources */,
				2695C0631CABAED30013E058 /* 美女23.jpg in Resources */,
				2695C05A1CABAED30013E058 /* 美女14.jpg in Resources */,
				2695BFD41CABAED30013E058 /* 圣斗士03.jpg in Resources */,
				2695C0441CABAED30013E058 /* 火影46.png in Resources */,
				2695C03B1CABAED30013E058 /* 火影37.png in Resources */,
				2695C02F1CABAED30013E058 /* 火影25.png in Resources */,
				2695BFE51CABAED30013E058 /* 海贼05.jpg in Resources */,
				2695C0241CABAED30013E058 /* 火影14.png in Resources */,
				2695BFE01CABAED30013E058 /* 圣斗士15.jpg in Resources */,
				2695C04C1CABAED30013E058 /* 火影54.png in Resources */,
				2695BFF21CABAED30013E058 /* 海贼18.jpg in Resources */,
				2695C0341CABAED30013E058 /* 火影30.png in Resources */,
				2695C04D1CABAED30013E058 /* 美女01.jpg in Resources */,
				2695C02C1CABAED30013E058 /* 火影22.png in Resources */,
				2695C0391CABAED30013E058 /* 火影35.png in Resources */,
				2695C00E1CABAED30013E058 /* 海贼46.jpg in Resources */,
				2695C01E1CABAED30013E058 /* 火影08.png in Resources */,
				2695BFD11CABAED30013E058 /* image_美女.plist in Resources */,
				2695C0421CABAED30013E058 /* 火影44.png in Resources */,
				2695C05C1CABAED30013E058 /* 美女16.jpg in Resources */,
				2695BFEB1CABAED30013E058 /* 海贼11.jpg in Resources */,
				2695C00C1CABAED30013E058 /* 海贼44.jpg in Resources */,
				2695C0291CABAED30013E058 /* 火影19.png in Resources */,
				2695C0011CABAED30013E058 /* 海贼33.jpg in Resources */,
				2695BFF81CABAED30013E058 /* 海贼24.jpg in Resources */,
				2695BFF61CABAED30013E058 /* 海贼22.jpg in Resources */,
				2695C04E1CABAED30013E058 /* 美女02.jpg in Resources */,
				2695C01F1CABAED30013E058 /* 火影09.png in Resources */,
				2695BFD01CABAED30013E058 /* image_火影忍者.plist in Resources */,
				2695C0061CABAED30013E058 /* 海贼38.jpg in Resources */,
				2695C0031CABAED30013E058 /* 海贼35.jpg in Resources */,
				2695C00A1CABAED30013E058 /* 海贼42.jpg in Resources */,
				2695BFF31CABAED30013E058 /* 海贼19.jpg in Resources */,
				2695C03E1CABAED30013E058 /* 火影40.png in Resources */,
				2695C05D1CABAED30013E058 /* 美女17.jpg in Resources */,
				2695C0141CABAED30013E058 /* 海贼52.jpg in Resources */,
				2695BFE21CABAED30013E058 /* 海贼02.jpg in Resources */,
				2695C0491CABAED30013E058 /* 火影51.png in Resources */,
				2695C04F1CABAED30013E058 /* 美女03.jpg in Resources */,
				2695C0231CABAED30013E058 /* 火影13.png in Resources */,
				2695C01D1CABAED30013E058 /* 火影07.png in Resources */,
				2695BFCE1CABAED30013E058 /* image_圣斗士.plist in Resources */,
				2695C0481CABAED30013E058 /* 火影50.png in Resources */,
				2695C0271CABAED30013E058 /* 火影17.png in Resources */,
				2695BFEF1CABAED30013E058 /* 海贼15.jpg in Resources */,
				2695BF0E1CABADA50013E058 /* LaunchScreen.storyboard in Resources */,
				2695C03F1CABAED30013E058 /* 火影41.png in Resources */,
				2695BFF11CABAED30013E058 /* 海贼17.jpg in Resources */,
				2695C00B1CABAED30013E058 /* 海贼43.jpg in Resources */,
				2695BFDE1CABAED30013E058 /* 圣斗士13.jpg in Resources */,
				2695C0041CABAED30013E058 /* 海贼36.jpg in Resources */,
				2695BFE31CABAED30013E058 /* 海贼03.jpg in Resources */,
				2695C0581CABAED30013E058 /* 美女12.jpg in Resources */,
				2695BFD31CABAED30013E058 /* 圣斗士02.jpg in Resources */,
				2695BFF01CABAED30013E058 /* 海贼16.jpg in Resources */,
				2695BFEA1CABAED30013E058 /* 海贼10.jpg in Resources */,
				2695BFFB1CABAED30013E058 /* 海贼27.jpg in Resources */,
				2695BFED1CABAED30013E058 /* 海贼13.jpg in Resources */,
				2695BFE71CABAED30013E058 /* 海贼07.jpg in Resources */,
				2695BFE41CABAED30013E058 /* 海贼04.jpg in Resources */,
				2695C04A1CABAED30013E058 /* 火影52.png in Resources */,
				2695BFE61CABAED30013E058 /* 海贼06.jpg in Resources */,
				2695C05F1CABAED30013E058 /* 美女19.jpg in Resources */,
				2695C03C1CABAED30013E058 /* 火影38.png in Resources */,
				2695C0601CABAED30013E058 /* 美女20.jpg in Resources */,
				2695C0551CABAED30013E058 /* 美女09.jpg in Resources */,
				2695C0171CABAED30013E058 /* 火影01.png in Resources */,
				2695C0531CABAED30013E058 /* 美女07.jpg in Resources */,
				2695C0451CABAED30013E058 /* 火影47.png in Resources */,
				2695C0641CABAED30013E058 /* 美女24.jpg in Resources */,
				2695BFDA1CABAED30013E058 /* 圣斗士09.jpg in Resources */,
				2695C0501CABAED30013E058 /* 美女04.jpg in Resources */,
				2695C05E1CABAED30013E058 /* 美女18.jpg in Resources */,
				2695BFFF1CABAED30013E058 /* 海贼31.jpg in Resources */,
				2695C01A1CABAED30013E058 /* 火影04.png in Resources */,
				2695BF0B1CABADA50013E058 /* Assets.xcassets in Resources */,
				2695C0511CABAED30013E058 /* 美女05.jpg in Resources */,
				2695C0191CABAED30013E058 /* 火影03.png in Resources */,
				2695C0561CABAED30013E058 /* 美女10.jpg in Resources */,
				2695C0321CABAED30013E058 /* 火影28.png in Resources */,
				2695C05B1CABAED30013E058 /* 美女15.jpg in Resources */,
				2695BFEE1CABAED30013E058 /* 海贼14.jpg in Resources */,
				2695C0091CABAED30013E058 /* 海贼41.jpg in Resources */,
				2695BFD71CABAED30013E058 /* 圣斗士06.jpg in Resources */,
				2695C0081CABAED30013E058 /* 海贼40.jpg in Resources */,
				2695C0111CABAED30013E058 /* 海贼49.jpg in Resources */,
				2695BFE11CABAED30013E058 /* 海贼01.jpg in Resources */,
				2695C0051CABAED30013E058 /* 海贼37.jpg in Resources */,
				2695BFF71CABAED30013E058 /* 海贼23.jpg in Resources */,
				2695C0611CABAED30013E058 /* 美女21.jpg in Resources */,
				2695C0301CABAED30013E058 /* 火影26.png in Resources */,
				2695BF091CABADA50013E058 /* Main.storyboard in Resources */,
				2695C0161CABAED30013E058 /* 海贼54.jpg in Resources */,
				2695BFF41CABAED30013E058 /* 海贼20.jpg in Resources */,
				2695C0411CABAED30013E058 /* 火影43.png in Resources */,
				2695BFD51CABAED30013E058 /* 圣斗士04.jpg in Resources */,
				2695C0281CABAED30013E058 /* 火影18.png in Resources */,
				2695BFFA1CABAED30013E058 /* 海贼26.jpg in Resources */,
				2695BFD91CABAED30013E058 /* 圣斗士08.jpg in Resources */,
				2695BFDF1CABAED30013E058 /* 圣斗士14.jpg in Resources */,
				2695C0121CABAED30013E058 /* 海贼50.jpg in Resources */,
				2695C0381CABAED30013E058 /* 火影34.png in Resources */,
				2695C02E1CABAED30013E058 /* 火影24.png in Resources */,
				2695C0371CABAED30013E058 /* 火影33.png in Resources */,
				2695C01B1CABAED30013E058 /* 火影05.png in Resources */,
				2695C0521CABAED30013E058 /* 美女06.jpg in Resources */,
				2695C00D1CABAED30013E058 /* 海贼45.jpg in Resources */,
				2695C0431CABAED30013E058 /* 火影45.png in Resources */,
				2695C0151CABAED30013E058 /* 海贼53.jpg in Resources */,
				2695BFD81CABAED30013E058 /* 圣斗士07.jpg in Resources */,
				2695BFDD1CABAED30013E058 /* 圣斗士12.jpg in Resources */,
				2695BFDC1CABAED30013E058 /* 圣斗士11.jpg in Resources */,
				2695C0331CABAED30013E058 /* 火影29.png in Resources */,
				2695C0651CABAED30013E058 /* 美女25.jpg in Resources */,
				2695C0101CABAED30013E058 /* 海贼48.jpg in Resources */,
				2695C03D1CABAED30013E058 /* 火影39.png in Resources */,
				2695BFE91CABAED30013E058 /* 海贼09.jpg in Resources */,
				2695BFD21CABAED30013E058 /* 圣斗士01.jpg in Resources */,
				2695C0221CABAED30013E058 /* 火影12.png in Resources */,
				2695BFD61CABAED30013E058 /* 圣斗士05.jpg in Resources */,
				2695BFDB1CABAED30013E058 /* 圣斗士10.jpg in Resources */,
				2695C04B1CABAED30013E058 /* 火影53.png in Resources */,
				2695BFEC1CABAED30013E058 /* 海贼12.jpg in Resources */,
				2695BFFD1CABAED30013E058 /* 海贼29.jpg in Resources */,
				2695BFE81CABAED30013E058 /* 海贼08.jpg in Resources */,
				2695BFCF1CABAED30013E058 /* image_海贼.plist in Resources */,
				2695BFFE1CABAED30013E058 /* 海贼30.jpg in Resources */,
				2695C02A1CABAED30013E058 /* 火影20.png in Resources */,
				2695C0471CABAED30013E058 /* 火影49.png in Resources */,
				2695BFFC1CABAED30013E058 /* 海贼28.jpg in Resources */,
				2695C0621CABAED30013E058 /* 美女22.jpg in Resources */,
				2695C0201CABAED30013E058 /* 火影10.png in Resources */,
				2695C0351CABAED30013E058 /* 火影31.png in Resources */,
				2695C0211CABAED30013E058 /* 火影11.png in Resources */,
				2695C0591CABAED30013E058 /* 美女13.jpg in Resources */,
				2695C01C1CABAED30013E058 /* 火影06.png in Resources */,
				2695BFF51CABAED30013E058 /* 海贼21.jpg in Resources */,
				2695C0401CABAED30013E058 /* 火影42.png in Resources */,
				2695C0311CABAED30013E058 /* 火影27.png in Resources */,
				2695C0131CABAED30013E058 /* 海贼51.jpg in Resources */,
				2695C02B1CABAED30013E058 /* 火影21.png in Resources */,
				2695C02D1CABAED30013E058 /* 火影23.png in Resources */,
			);
			runOnlyForDeploymentPostprocessing = 0;
		};
		2695BF121CABADA50013E058 /* Resources */ = {
			isa = PBXResourcesBuildPhase;
			buildActionMask = 2147483647;
			files = (
			);
			runOnlyForDeploymentPostprocessing = 0;
		};
		2695BF1D1CABADA50013E058 /* Resources */ = {
			isa = PBXResourcesBuildPhase;
			buildActionMask = 2147483647;
			files = (
			);
			runOnlyForDeploymentPostprocessing = 0;
		};
/* End PBXResourcesBuildPhase section */

/* Begin PBXSourcesBuildPhase section */
		2695BEF71CABADA50013E058 /* Sources */ = {
			isa = PBXSourcesBuildPhase;
			buildActionMask = 2147483647;
			files = (
				2695BF061CABADA50013E058 /* ViewController.m in Sources */,
				26A1C2521CB364380068C1D5 /* swTableViewCell.m in Sources */,
				2695BF031CABADA50013E058 /* AppDelegate.m in Sources */,
				2695BF001CABADA50013E058 /* main.m in Sources */,
			);
			runOnlyForDeploymentPostprocessing = 0;
		};
		2695BF101CABADA50013E058 /* Sources */ = {
			isa = PBXSourcesBuildPhase;
			buildActionMask = 2147483647;
			files = (
				2695BF191CABADA50013E058 /* TableViewTestTests.m in Sources */,
			);
			runOnlyForDeploymentPostprocessing = 0;
		};
		2695BF1B1CABADA50013E058 /* Sources */ = {
			isa = PBXSourcesBuildPhase;
			buildActionMask = 2147483647;
			files = (
				2695BF241CABADA50013E058 /* TableViewTestUITests.m in Sources */,
			);
			runOnlyForDeploymentPostprocessing = 0;
		};
/* End PBXSourcesBuildPhase section */

/* Begin PBXTargetDependency section */
		2695BF161CABADA50013E058 /* PBXTargetDependency */ = {
			isa = PBXTargetDependency;
			target = 2695BEFA1CABADA50013E058 /* TableViewTest */;
			targetProxy = 2695BF151CABADA50013E058 /* PBXContainerItemProxy */;
		};
		2695BF211CABADA50013E058 /* PBXTargetDependency */ = {
			isa = PBXTargetDependency;
			target = 2695BEFA1CABADA50013E058 /* TableViewTest */;
			targetProxy = 2695BF201CABADA50013E058 /* PBXContainerItemProxy */;
		};
/* End PBXTargetDependency section */

/* Begin PBXVariantGroup section */
		2695BF071CABADA50013E058 /* Main.storyboard */ = {
			isa = PBXVariantGroup;
			children = (
				2695BF081CABADA50013E058 /* Base */,
			);
			name = Main.storyboard;
			sourceTree = "<group>";
		};
		2695BF0C1CABADA50013E058 /* LaunchScreen.storyboard */ = {
			isa = PBXVariantGroup;
			children = (
				2695BF0D1CABADA50013E058 /* Base */,
			);
			name = LaunchScreen.storyboard;
			sourceTree = "<group>";
		};
/* End PBXVariantGroup section */

/* Begin XCBuildConfiguration section */
		2695BF261CABADA50013E058 /* Debug */ = {
			isa = XCBuildConfiguration;
			buildSettings = {
				ALWAYS_SEARCH_USER_PATHS = NO;
				CLANG_CXX_LANGUAGE_STANDARD = "gnu++0x";
				CLANG_CXX_LIBRARY = "libc++";
				CLANG_ENABLE_MODULES = YES;
				CLANG_ENABLE_OBJC_ARC = YES;
				CLANG_WARN_BOOL_CONVERSION = YES;
				CLANG_WARN_CONSTANT_CONVERSION = YES;
				CLANG_WARN_DIRECT_OBJC_ISA_USAGE = YES_ERROR;
				CLANG_WARN_EMPTY_BODY = YES;
				CLANG_WARN_ENUM_CONVERSION = YES;
				CLANG_WARN_INT_CONVERSION = YES;
				CLANG_WARN_OBJC_ROOT_CLASS = YES_ERROR;
				CLANG_WARN_UNREACHABLE_CODE = YES;
				CLANG_WARN__DUPLICATE_METHOD_MATCH = YES;
				"CODE_SIGN_IDENTITY[sdk=iphoneos*]" = "iPhone Developer";
				COPY_PHASE_STRIP = NO;
				DEBUG_INFORMATION_FORMAT = dwarf;
				ENABLE_STRICT_OBJC_MSGSEND = YES;
				ENABLE_TESTABILITY = YES;
				GCC_C_LANGUAGE_STANDARD = gnu99;
				GCC_DYNAMIC_NO_PIC = NO;
				GCC_NO_COMMON_BLOCKS = YES;
				GCC_OPTIMIZATION_LEVEL = 0;
				GCC_PREPROCESSOR_DEFINITIONS = (
					"DEBUG=1",
					"$(inherited)",
				);
				GCC_WARN_64_TO_32_BIT_CONVERSION = YES;
				GCC_WARN_ABOUT_RETURN_TYPE = YES_ERROR;
				GCC_WARN_UNDECLARED_SELECTOR = YES;
				GCC_WARN_UNINITIALIZED_AUTOS = YES_AGGRESSIVE;
				GCC_WARN_UNUSED_FUNCTION = YES;
				GCC_WARN_UNUSED_VARIABLE = YES;
				IPHONEOS_DEPLOYMENT_TARGET = 9.1;
				MTL_ENABLE_DEBUG_INFO = YES;
				ONLY_ACTIVE_ARCH = YES;
				SDKROOT = iphoneos;
				TARGETED_DEVICE_FAMILY = "1,2";
			};
			name = Debug;
		};
		2695BF271CABADA50013E058 /* Release */ = {
			isa = XCBuildConfiguration;
			buildSettings = {
				ALWAYS_SEARCH_USER_PATHS = NO;
				CLANG_CXX_LANGUAGE_STANDARD = "gnu++0x";
				CLANG_CXX_LIBRARY = "libc++";
				CLANG_ENABLE_MODULES = YES;
				CLANG_ENABLE_OBJC_ARC = YES;
				CLANG_WARN_BOOL_CONVERSION = YES;
				CLANG_WARN_CONSTANT_CONVERSION = YES;
				CLANG_WARN_DIRECT_OBJC_ISA_USAGE = YES_ERROR;
				CLANG_WARN_EMPTY_BODY = YES;
				CLANG_WARN_ENUM_CONVERSION = YES;
				CLANG_WARN_INT_CONVERSION = YES;
				CLANG_WARN_OBJC_ROOT_CLASS = YES_ERROR;
				CLANG_WARN_UNREACHABLE_CODE = YES;
				CLANG_WARN__DUPLICATE_METHOD_MATCH = YES;
				"CODE_SIGN_IDENTITY[sdk=iphoneos*]" = "iPhone Developer";
				COPY_PHASE_STRIP = NO;
				DEBUG_INFORMATION_FORMAT = "dwarf-with-dsym";
				ENABLE_NS_ASSERTIONS = NO;
				ENABLE_STRICT_OBJC_MSGSEND = YES;
				GCC_C_LANGUAGE_STANDARD = gnu99;
				GCC_NO_COMMON_BLOCKS = YES;
				GCC_WARN_64_TO_32_BIT_CONVERSION = YES;
				GCC_WARN_ABOUT_RETURN_TYPE = YES_ERROR;
				GCC_WARN_UNDECLARED_SELECTOR = YES;
				GCC_WARN_UNINITIALIZED_AUTOS = YES_AGGRESSIVE;
				GCC_WARN_UNUSED_FUNCTION = YES;
				GCC_WARN_UNUSED_VARIABLE = YES;
				IPHONEOS_DEPLOYMENT_TARGET = 9.1;
				MTL_ENABLE_DEBUG_INFO = NO;
				SDKROOT = iphoneos;
				TARGETED_DEVICE_FAMILY = "1,2";
				VALIDATE_PRODUCT = YES;
			};
			name = Release;
		};
		2695BF291CABADA50013E058 /* Debug */ = {
			isa = XCBuildConfiguration;
			buildSettings = {
				ASSETCATALOG_COMPILER_APPICON_NAME = AppIcon;
				CODE_SIGN_IDENTITY = "iPhone Developer";
				"CODE_SIGN_IDENTITY[sdk=iphoneos*]" = "iPhone Developer";
				INFOPLIST_FILE = TableViewTest/Info.plist;
				LD_RUNPATH_SEARCH_PATHS = "$(inherited) @executable_path/Frameworks";
				PRODUCT_BUNDLE_IDENTIFIER = Sven.TableViewTest;
				PRODUCT_NAME = "$(TARGET_NAME)";
				PROVISIONING_PROFILE = "";
			};
			name = Debug;
		};
		2695BF2A1CABADA50013E058 /* Release */ = {
			isa = XCBuildConfiguration;
			buildSettings = {
				ASSETCATALOG_COMPILER_APPICON_NAME = AppIcon;
				CODE_SIGN_IDENTITY = "iPhone Developer";
				"CODE_SIGN_IDENTITY[sdk=iphoneos*]" = "iPhone Developer";
				INFOPLIST_FILE = TableViewTest/Info.plist;
				LD_RUNPATH_SEARCH_PATHS = "$(inherited) @executable_path/Frameworks";
				PRODUCT_BUNDLE_IDENTIFIER = Sven.TableViewTest;
				PRODUCT_NAME = "$(TARGET_NAME)";
				PROVISIONING_PROFILE = "";
			};
			name = Release;
		};
		2695BF2C1CABADA50013E058 /* Debug */ = {
			isa = XCBuildConfiguration;
			buildSettings = {
				BUNDLE_LOADER = "$(TEST_HOST)";
				INFOPLIST_FILE = TableViewTestTests/Info.plist;
				LD_RUNPATH_SEARCH_PATHS = "$(inherited) @executable_path/Frameworks @loader_path/Frameworks";
				PRODUCT_BUNDLE_IDENTIFIER = Sven.TableViewTestTests;
				PRODUCT_NAME = "$(TARGET_NAME)";
				TEST_HOST = "$(BUILT_PRODUCTS_DIR)/TableViewTest.app/TableViewTest";
			};
			name = Debug;
		};
		2695BF2D1CABADA50013E058 /* Release */ = {
			isa = XCBuildConfiguration;
			buildSettings = {
				BUNDLE_LOADER = "$(TEST_HOST)";
				INFOPLIST_FILE = TableViewTestTests/Info.plist;
				LD_RUNPATH_SEARCH_PATHS = "$(inherited) @executable_path/Frameworks @loader_path/Frameworks";
				PRODUCT_BUNDLE_IDENTIFIER = Sven.TableViewTestTests;
				PRODUCT_NAME = "$(TARGET_NAME)";
				TEST_HOST = "$(BUILT_PRODUCTS_DIR)/TableViewTest.app/TableViewTest";
			};
			name = Release;
		};
		2695BF2F1CABADA50013E058 /* Debug */ = {
			isa = XCBuildConfiguration;
			buildSettings = {
				INFOPLIST_FILE = TableViewTestUITests/Info.plist;
				LD_RUNPATH_SEARCH_PATHS = "$(inherited) @executable_path/Frameworks @loader_path/Frameworks";
				PRODUCT_BUNDLE_IDENTIFIER = Sven.TableViewTestUITests;
				PRODUCT_NAME = "$(TARGET_NAME)";
				TEST_TARGET_NAME = TableViewTest;
				USES_XCTRUNNER = YES;
			};
			name = Debug;
		};
		2695BF301CABADA50013E058 /* Release */ = {
			isa = XCBuildConfiguration;
			buildSettings = {
				INFOPLIST_FILE = TableViewTestUITests/Info.plist;
				LD_RUNPATH_SEARCH_PATHS = "$(inherited) @executable_path/Frameworks @loader_path/Frameworks";
				PRODUCT_BUNDLE_IDENTIFIER = Sven.TableViewTestUITests;
				PRODUCT_NAME = "$(TARGET_NAME)";
				TEST_TARGET_NAME = TableViewTest;
				USES_XCTRUNNER = YES;
			};
			name = Release;
		};
/* End XCBuildConfiguration section */

/* Begin XCConfigurationList section */
		2695BEF61CABADA50013E058 /* Build configuration list for PBXProject "TableViewTest" */ = {
			isa = XCConfigurationList;
			buildConfigurations = (
				2695BF261CABADA50013E058 /* Debug */,
				2695BF271CABADA50013E058 /* Release */,
			);
			defaultConfigurationIsVisible = 0;
			defaultConfigurationName = Release;
		};
		2695BF281CABADA50013E058 /* Build configuration list for PBXNativeTarget "TableViewTest" */ = {
			isa = XCConfigurationList;
			buildConfigurations = (
				2695BF291CABADA50013E058 /* Debug */,
				2695BF2A1CABADA50013E058 /* Release */,
			);
			defaultConfigurationIsVisible = 0;
			defaultConfigurationName = Release;
		};
		2695BF2B1CABADA50013E058 /* Build configuration list for PBXNativeTarget "TableViewTestTests" */ = {
			isa = XCConfigurationList;
			buildConfigurations = (
				2695BF2C1CABADA50013E058 /* Debug */,
				2695BF2D1CABADA50013E058 /* Release */,
			);
			defaultConfigurationIsVisible = 0;
			defaultConfigurationName = Release;
		};
		2695BF2E1CABADA50013E058 /* Build configuration list for PBXNativeTarget "TableViewTestUITests" */ = {
			isa = XCConfigurationList;
			buildConfigurations = (
				2695BF2F1CABADA50013E058 /* Debug */,
				2695BF301CABADA50013E058 /* Release */,
			);
			defaultConfigurationIsVisible = 0;
			defaultConfigurationName = Release;
		};
/* End XCConfigurationList section */
	};
	rootObject = 2695BEF31CABADA50013E058 /* Project object */;
}
